// !$*UTF8*$!
{
	archiveVersion = 1;
	classes = {
	};
	objectVersion = 60;
	objects = {

/* Begin PBXBuildFile section */
		5E68DE352A0BC73A00582122 /* Tab.swift in Sources */ = {isa = PBXBuildFile; fileRef = 5E68DE342A0BC73A00582122 /* Tab.swift */; };
		5E68DE372A0BC74200582122 /* TabConfigurable.swift in Sources */ = {isa = PBXBuildFile; fileRef = 5E68DE362A0BC74200582122 /* TabConfigurable.swift */; };
		5E68DE3B2A0BC8F600582122 /* AppConfig.swift in Sources */ = {isa = PBXBuildFile; fileRef = 5E68DE3A2A0BC8F600582122 /* AppConfig.swift */; };
		5E68DE3D2A0BCEF500582122 /* AppLaunchFailureSceneDelegate.swift in Sources */ = {isa = PBXBuildFile; fileRef = 5E68DE3C2A0BCEF500582122 /* AppLaunchFailureSceneDelegate.swift */; };
		5E68DE442A0BEB9800582122 /* AppScene.swift in Sources */ = {isa = PBXBuildFile; fileRef = 5E68DE432A0BEB9800582122 /* AppScene.swift */; };
		5E68DE462A0BEC5E00582122 /* AppLaunchFailureViewController.swift in Sources */ = {isa = PBXBuildFile; fileRef = 5E68DE452A0BEC5E00582122 /* AppLaunchFailureViewController.swift */; };
		5E68DE482A0BF1E700582122 /* AppConfigError.swift in Sources */ = {isa = PBXBuildFile; fileRef = 5E68DE472A0BF1E700582122 /* AppConfigError.swift */; };
		5E68DE4C2A0BF68D00582122 /* AppConfig.plist in Resources */ = {isa = PBXBuildFile; fileRef = 5E68DE4B2A0BF68D00582122 /* AppConfig.plist */; };
		5E68DE5F2A0C268C00582122 /* CatsDataProvider.swift in Sources */ = {isa = PBXBuildFile; fileRef = 5E68DE5E2A0C268C00582122 /* CatsDataProvider.swift */; };
		5E68DE6A2A0C2CFD00582122 /* DogsDataProvider.swift in Sources */ = {isa = PBXBuildFile; fileRef = 5E68DE692A0C2CFD00582122 /* DogsDataProvider.swift */; };
		5E68DE6C2A0C2D7800582122 /* Array.swift in Sources */ = {isa = PBXBuildFile; fileRef = 5E68DE6B2A0C2D7800582122 /* Array.swift */; };
		5E68DE702A0C35B100582122 /* PetsViewController.swift in Sources */ = {isa = PBXBuildFile; fileRef = 5E68DE6F2A0C35B000582122 /* PetsViewController.swift */; };
		5E68DE722A0C45D500582122 /* PetsDataSource.swift in Sources */ = {isa = PBXBuildFile; fileRef = 5E68DE712A0C45D500582122 /* PetsDataSource.swift */; };
		5E68DE742A0C45DA00582122 /* Pet.swift in Sources */ = {isa = PBXBuildFile; fileRef = 5E68DE732A0C45DA00582122 /* Pet.swift */; };
		5E68DE772A0C4AB200582122 /* Cat.swift in Sources */ = {isa = PBXBuildFile; fileRef = 5E68DE762A0C4AB200582122 /* Cat.swift */; };
		5E68DE792A0C4AC400582122 /* Dog.swift in Sources */ = {isa = PBXBuildFile; fileRef = 5E68DE782A0C4AC400582122 /* Dog.swift */; };
		5E68DE822A0C515E00582122 /* PetsView.swift in Sources */ = {isa = PBXBuildFile; fileRef = 5E68DE812A0C515E00582122 /* PetsView.swift */; };
		5E68DE842A0C517F00582122 /* UIView.swift in Sources */ = {isa = PBXBuildFile; fileRef = 5E68DE832A0C517F00582122 /* UIView.swift */; };
		5E68DE862A0C522900582122 /* PetsCollectionViewCell.swift in Sources */ = {isa = PBXBuildFile; fileRef = 5E68DE852A0C522900582122 /* PetsCollectionViewCell.swift */; };
		5E68DE882A0C52D600582122 /* UICollectionView.swift in Sources */ = {isa = PBXBuildFile; fileRef = 5E68DE872A0C52D600582122 /* UICollectionView.swift */; };
		5E68DE8A2A0C52E700582122 /* Dequeueable.swift in Sources */ = {isa = PBXBuildFile; fileRef = 5E68DE892A0C52E700582122 /* Dequeueable.swift */; };
		5E68DE8D2A0C595A00582122 /* Kingfisher in Frameworks */ = {isa = PBXBuildFile; productRef = 5E68DE8C2A0C595A00582122 /* Kingfisher */; };
		5E68DE902A0CD69F00582122 /* PetGalleryViewController.swift in Sources */ = {isa = PBXBuildFile; fileRef = 5E68DE8F2A0CD69F00582122 /* PetGalleryViewController.swift */; };
		5E68DE932A0CD6E300582122 /* PetGalleryView.swift in Sources */ = {isa = PBXBuildFile; fileRef = 5E68DE922A0CD6E300582122 /* PetGalleryView.swift */; };
		5E68DE952A0CD6F700582122 /* PetGalleryCollectionViewCell.swift in Sources */ = {isa = PBXBuildFile; fileRef = 5E68DE942A0CD6F700582122 /* PetGalleryCollectionViewCell.swift */; };
		5E68DE972A0CDD5600582122 /* UIColor.swift in Sources */ = {isa = PBXBuildFile; fileRef = 5E68DE962A0CDD5600582122 /* UIColor.swift */; };
		5E68DE992A0CE9A100582122 /* AppAppearance.swift in Sources */ = {isa = PBXBuildFile; fileRef = 5E68DE982A0CE9A100582122 /* AppAppearance.swift */; };
		5E68DE9B2A0CE9D900582122 /* UIViewController.swift in Sources */ = {isa = PBXBuildFile; fileRef = 5E68DE9A2A0CE9D900582122 /* UIViewController.swift */; };
		5E68DE9D2A0CFB4100582122 /* ImagesLoadingView.swift in Sources */ = {isa = PBXBuildFile; fileRef = 5E68DE9C2A0CFB4100582122 /* ImagesLoadingView.swift */; };
		5E68DEA62A0D171600582122 /* PetImageDataProviding.swift in Sources */ = {isa = PBXBuildFile; fileRef = 5E68DEA52A0D171600582122 /* PetImageDataProviding.swift */; };
		5EA557D02A0A5CB70023C2E7 /* AppDelegate.swift in Sources */ = {isa = PBXBuildFile; fileRef = 5EA557CF2A0A5CB70023C2E7 /* AppDelegate.swift */; };
		5EA557D22A0A5CB70023C2E7 /* AppLaunchSceneDelegate.swift in Sources */ = {isa = PBXBuildFile; fileRef = 5EA557D12A0A5CB70023C2E7 /* AppLaunchSceneDelegate.swift */; };
		5EA557D92A0A5CBA0023C2E7 /* Assets.xcassets in Resources */ = {isa = PBXBuildFile; fileRef = 5EA557D82A0A5CBA0023C2E7 /* Assets.xcassets */; };
		5EA557DC2A0A5CBA0023C2E7 /* LaunchScreen.storyboard in Resources */ = {isa = PBXBuildFile; fileRef = 5EA557DA2A0A5CBA0023C2E7 /* LaunchScreen.storyboard */; };
		5EA6F8022C579A9700E217B6 /* CatsAPI in Frameworks */ = {isa = PBXBuildFile; productRef = 5EA6F8012C579A9700E217B6 /* CatsAPI */; };
		5EA6F8052C579ABA00E217B6 /* DogsAPI in Frameworks */ = {isa = PBXBuildFile; productRef = 5EA6F8042C579ABA00E217B6 /* DogsAPI */; };
		5ED5EFC12A1B91C600DB79E5 /* Collection.swift in Sources */ = {isa = PBXBuildFile; fileRef = 5ED5EFC02A1B91C600DB79E5 /* Collection.swift */; };
/* End PBXBuildFile section */

/* Begin PBXCopyFilesBuildPhase section */
		5EA5580A2A0A6AE90023C2E7 /* Embed Frameworks */ = {
			isa = PBXCopyFilesBuildPhase;
			buildActionMask = 2147483647;
			dstPath = "";
			dstSubfolderSpec = 10;
			files = (
			);
			name = "Embed Frameworks";
			runOnlyForDeploymentPostprocessing = 0;
		};
/* End PBXCopyFilesBuildPhase section */

/* Begin PBXFileReference section */
		5E68DE342A0BC73A00582122 /* Tab.swift */ = {isa = PBXFileReference; lastKnownFileType = sourcecode.swift; path = Tab.swift; sourceTree = "<group>"; };
		5E68DE362A0BC74200582122 /* TabConfigurable.swift */ = {isa = PBXFileReference; lastKnownFileType = sourcecode.swift; path = TabConfigurable.swift; sourceTree = "<group>"; };
		5E68DE3A2A0BC8F600582122 /* AppConfig.swift */ = {isa = PBXFileReference; lastKnownFileType = sourcecode.swift; path = AppConfig.swift; sourceTree = "<group>"; };
		5E68DE3C2A0BCEF500582122 /* AppLaunchFailureSceneDelegate.swift */ = {isa = PBXFileReference; lastKnownFileType = sourcecode.swift; path = AppLaunchFailureSceneDelegate.swift; sourceTree = "<group>"; };
		5E68DE432A0BEB9800582122 /* AppScene.swift */ = {isa = PBXFileReference; lastKnownFileType = sourcecode.swift; path = AppScene.swift; sourceTree = "<group>"; };
		5E68DE452A0BEC5E00582122 /* AppLaunchFailureViewController.swift */ = {isa = PBXFileReference; lastKnownFileType = sourcecode.swift; path = AppLaunchFailureViewController.swift; sourceTree = "<group>"; };
		5E68DE472A0BF1E700582122 /* AppConfigError.swift */ = {isa = PBXFileReference; lastKnownFileType = sourcecode.swift; path = AppConfigError.swift; sourceTree = "<group>"; };
		5E68DE4B2A0BF68D00582122 /* AppConfig.plist */ = {isa = PBXFileReference; fileEncoding = 4; lastKnownFileType = text.plist.xml; path = AppConfig.plist; sourceTree = "<group>"; };
		5E68DE5E2A0C268C00582122 /* CatsDataProvider.swift */ = {isa = PBXFileReference; lastKnownFileType = sourcecode.swift; path = CatsDataProvider.swift; sourceTree = "<group>"; };
		5E68DE692A0C2CFD00582122 /* DogsDataProvider.swift */ = {isa = PBXFileReference; lastKnownFileType = sourcecode.swift; path = DogsDataProvider.swift; sourceTree = "<group>"; };
		5E68DE6B2A0C2D7800582122 /* Array.swift */ = {isa = PBXFileReference; lastKnownFileType = sourcecode.swift; path = Array.swift; sourceTree = "<group>"; };
		5E68DE6F2A0C35B000582122 /* PetsViewController.swift */ = {isa = PBXFileReference; lastKnownFileType = sourcecode.swift; path = PetsViewController.swift; sourceTree = "<group>"; };
		5E68DE712A0C45D500582122 /* PetsDataSource.swift */ = {isa = PBXFileReference; lastKnownFileType = sourcecode.swift; path = PetsDataSource.swift; sourceTree = "<group>"; };
		5E68DE732A0C45DA00582122 /* Pet.swift */ = {isa = PBXFileReference; lastKnownFileType = sourcecode.swift; path = Pet.swift; sourceTree = "<group>"; };
		5E68DE762A0C4AB200582122 /* Cat.swift */ = {isa = PBXFileReference; lastKnownFileType = sourcecode.swift; path = Cat.swift; sourceTree = "<group>"; };
		5E68DE782A0C4AC400582122 /* Dog.swift */ = {isa = PBXFileReference; lastKnownFileType = sourcecode.swift; path = Dog.swift; sourceTree = "<group>"; };
		5E68DE812A0C515E00582122 /* PetsView.swift */ = {isa = PBXFileReference; lastKnownFileType = sourcecode.swift; path = PetsView.swift; sourceTree = "<group>"; };
		5E68DE832A0C517F00582122 /* UIView.swift */ = {isa = PBXFileReference; lastKnownFileType = sourcecode.swift; path = UIView.swift; sourceTree = "<group>"; };
		5E68DE852A0C522900582122 /* PetsCollectionViewCell.swift */ = {isa = PBXFileReference; lastKnownFileType = sourcecode.swift; path = PetsCollectionViewCell.swift; sourceTree = "<group>"; };
		5E68DE872A0C52D600582122 /* UICollectionView.swift */ = {isa = PBXFileReference; lastKnownFileType = sourcecode.swift; path = UICollectionView.swift; sourceTree = "<group>"; };
		5E68DE892A0C52E700582122 /* Dequeueable.swift */ = {isa = PBXFileReference; lastKnownFileType = sourcecode.swift; path = Dequeueable.swift; sourceTree = "<group>"; };
		5E68DE8F2A0CD69F00582122 /* PetGalleryViewController.swift */ = {isa = PBXFileReference; lastKnownFileType = sourcecode.swift; path = PetGalleryViewController.swift; sourceTree = "<group>"; };
		5E68DE922A0CD6E300582122 /* PetGalleryView.swift */ = {isa = PBXFileReference; lastKnownFileType = sourcecode.swift; path = PetGalleryView.swift; sourceTree = "<group>"; };
		5E68DE942A0CD6F700582122 /* PetGalleryCollectionViewCell.swift */ = {isa = PBXFileReference; lastKnownFileType = sourcecode.swift; path = PetGalleryCollectionViewCell.swift; sourceTree = "<group>"; };
		5E68DE962A0CDD5600582122 /* UIColor.swift */ = {isa = PBXFileReference; lastKnownFileType = sourcecode.swift; path = UIColor.swift; sourceTree = "<group>"; };
		5E68DE982A0CE9A100582122 /* AppAppearance.swift */ = {isa = PBXFileReference; lastKnownFileType = sourcecode.swift; path = AppAppearance.swift; sourceTree = "<group>"; };
		5E68DE9A2A0CE9D900582122 /* UIViewController.swift */ = {isa = PBXFileReference; lastKnownFileType = sourcecode.swift; path = UIViewController.swift; sourceTree = "<group>"; };
		5E68DE9C2A0CFB4100582122 /* ImagesLoadingView.swift */ = {isa = PBXFileReference; lastKnownFileType = sourcecode.swift; path = ImagesLoadingView.swift; sourceTree = "<group>"; };
		5E68DEA52A0D171600582122 /* PetImageDataProviding.swift */ = {isa = PBXFileReference; lastKnownFileType = sourcecode.swift; path = PetImageDataProviding.swift; sourceTree = "<group>"; };
		5EA557CC2A0A5CB70023C2E7 /* Floofs.app */ = {isa = PBXFileReference; explicitFileType = wrapper.application; includeInIndex = 0; path = Floofs.app; sourceTree = BUILT_PRODUCTS_DIR; };
		5EA557CF2A0A5CB70023C2E7 /* AppDelegate.swift */ = {isa = PBXFileReference; lastKnownFileType = sourcecode.swift; path = AppDelegate.swift; sourceTree = "<group>"; };
		5EA557D12A0A5CB70023C2E7 /* AppLaunchSceneDelegate.swift */ = {isa = PBXFileReference; lastKnownFileType = sourcecode.swift; path = AppLaunchSceneDelegate.swift; sourceTree = "<group>"; };
		5EA557D82A0A5CBA0023C2E7 /* Assets.xcassets */ = {isa = PBXFileReference; lastKnownFileType = folder.assetcatalog; path = Assets.xcassets; sourceTree = "<group>"; };
		5EA557DB2A0A5CBA0023C2E7 /* Base */ = {isa = PBXFileReference; lastKnownFileType = file.storyboard; name = Base; path = Base.lproj/LaunchScreen.storyboard; sourceTree = "<group>"; };
		5EA557DD2A0A5CBA0023C2E7 /* Info.plist */ = {isa = PBXFileReference; lastKnownFileType = text.plist.xml; path = Info.plist; sourceTree = "<group>"; };
		5ED5EFC02A1B91C600DB79E5 /* Collection.swift */ = {isa = PBXFileReference; lastKnownFileType = sourcecode.swift; path = Collection.swift; sourceTree = "<group>"; };
/* End PBXFileReference section */

/* Begin PBXFrameworksBuildPhase section */
		5EA557C92A0A5CB70023C2E7 /* Frameworks */ = {
			isa = PBXFrameworksBuildPhase;
			buildActionMask = 2147483647;
			files = (
				5EA6F8052C579ABA00E217B6 /* DogsAPI in Frameworks */,
				5E68DE8D2A0C595A00582122 /* Kingfisher in Frameworks */,
				5EA6F8022C579A9700E217B6 /* CatsAPI in Frameworks */,
			);
			runOnlyForDeploymentPostprocessing = 0;
		};
/* End PBXFrameworksBuildPhase section */

/* Begin PBXGroup section */
		5E68DE3E2A0BDB2600582122 /* Dogs */ = {
			isa = PBXGroup;
			children = (
				5E68DE692A0C2CFD00582122 /* DogsDataProvider.swift */,
				5E68DE782A0C4AC400582122 /* Dog.swift */,
			);
			path = Dogs;
			sourceTree = "<group>";
		};
		5E68DE3F2A0BDB2D00582122 /* Cats */ = {
			isa = PBXGroup;
			children = (
				5E68DE5E2A0C268C00582122 /* CatsDataProvider.swift */,
				5E68DE762A0C4AB200582122 /* Cat.swift */,
			);
			path = Cats;
			sourceTree = "<group>";
		};
		5E68DE422A0BEB0300582122 /* Scenes */ = {
			isa = PBXGroup;
			children = (
				5E68DE432A0BEB9800582122 /* AppScene.swift */,
				5EA557D12A0A5CB70023C2E7 /* AppLaunchSceneDelegate.swift */,
				5E68DE3C2A0BCEF500582122 /* AppLaunchFailureSceneDelegate.swift */,
				5E68DE452A0BEC5E00582122 /* AppLaunchFailureViewController.swift */,
			);
			path = Scenes;
			sourceTree = "<group>";
		};
		5E68DE492A0BF58F00582122 /* App */ = {
			isa = PBXGroup;
			children = (
				5EA557CF2A0A5CB70023C2E7 /* AppDelegate.swift */,
				5E68DE3A2A0BC8F600582122 /* AppConfig.swift */,
				5E68DE472A0BF1E700582122 /* AppConfigError.swift */,
				5E68DE982A0CE9A100582122 /* AppAppearance.swift */,
				5E68DE4B2A0BF68D00582122 /* AppConfig.plist */,
			);
			path = App;
			sourceTree = "<group>";
		};
		5E68DE6D2A0C2D7E00582122 /* Helpers */ = {
			isa = PBXGroup;
			children = (
				5E68DE342A0BC73A00582122 /* Tab.swift */,
				5E68DE362A0BC74200582122 /* TabConfigurable.swift */,
				5E68DE892A0C52E700582122 /* Dequeueable.swift */,
				5E68DE9C2A0CFB4100582122 /* ImagesLoadingView.swift */,
			);
			path = Helpers;
			sourceTree = "<group>";
		};
		5E68DE6E2A0C2D8200582122 /* Extensions */ = {
			isa = PBXGroup;
			children = (
				5E68DE6B2A0C2D7800582122 /* Array.swift */,
				5E68DE832A0C517F00582122 /* UIView.swift */,
				5E68DE872A0C52D600582122 /* UICollectionView.swift */,
				5E68DE9A2A0CE9D900582122 /* UIViewController.swift */,
				5E68DE962A0CDD5600582122 /* UIColor.swift */,
				5ED5EFC02A1B91C600DB79E5 /* Collection.swift */,
			);
			path = Extensions;
			sourceTree = "<group>";
		};
		5E68DE752A0C45F300582122 /* Pets */ = {
			isa = PBXGroup;
			children = (
				5E68DE8E2A0CD68100582122 /* Breeds */,
				5E68DE912A0CD6A200582122 /* Gallery */,
				5E68DE712A0C45D500582122 /* PetsDataSource.swift */,
				5E68DEA52A0D171600582122 /* PetImageDataProviding.swift */,
				5E68DE732A0C45DA00582122 /* Pet.swift */,
			);
			path = Pets;
			sourceTree = "<group>";
		};
		5E68DE8E2A0CD68100582122 /* Breeds */ = {
			isa = PBXGroup;
			children = (
				5E68DE6F2A0C35B000582122 /* PetsViewController.swift */,
				5E68DE812A0C515E00582122 /* PetsView.swift */,
				5E68DE852A0C522900582122 /* PetsCollectionViewCell.swift */,
			);
			path = Breeds;
			sourceTree = "<group>";
		};
		5E68DE912A0CD6A200582122 /* Gallery */ = {
			isa = PBXGroup;
			children = (
				5E68DE8F2A0CD69F00582122 /* PetGalleryViewController.swift */,
				5E68DE922A0CD6E300582122 /* PetGalleryView.swift */,
				5E68DE942A0CD6F700582122 /* PetGalleryCollectionViewCell.swift */,
			);
			path = Gallery;
			sourceTree = "<group>";
		};
		5EA557C32A0A5CB70023C2E7 = {
			isa = PBXGroup;
			children = (
				5EA557CE2A0A5CB70023C2E7 /* Floofs */,
				5EA557CD2A0A5CB70023C2E7 /* Products */,
			);
			sourceTree = "<group>";
		};
		5EA557CD2A0A5CB70023C2E7 /* Products */ = {
			isa = PBXGroup;
			children = (
				5EA557CC2A0A5CB70023C2E7 /* Floofs.app */,
			);
			name = Products;
			sourceTree = "<group>";
		};
		5EA557CE2A0A5CB70023C2E7 /* Floofs */ = {
			isa = PBXGroup;
			children = (
				5E68DE492A0BF58F00582122 /* App */,
				5E68DE422A0BEB0300582122 /* Scenes */,
				5E68DE752A0C45F300582122 /* Pets */,
				5E68DE3E2A0BDB2600582122 /* Dogs */,
				5E68DE3F2A0BDB2D00582122 /* Cats */,
				5E68DE6D2A0C2D7E00582122 /* Helpers */,
				5E68DE6E2A0C2D8200582122 /* Extensions */,
				5EA557D82A0A5CBA0023C2E7 /* Assets.xcassets */,
				5EA557DA2A0A5CBA0023C2E7 /* LaunchScreen.storyboard */,
				5EA557DD2A0A5CBA0023C2E7 /* Info.plist */,
			);
			path = Floofs;
			sourceTree = "<group>";
		};
/* End PBXGroup section */

/* Begin PBXNativeTarget section */
		5EA557CB2A0A5CB70023C2E7 /* Floofs */ = {
			isa = PBXNativeTarget;
			buildConfigurationList = 5EA557E02A0A5CBA0023C2E7 /* Build configuration list for PBXNativeTarget "Floofs" */;
			buildPhases = (
				5EA557C82A0A5CB70023C2E7 /* Sources */,
				5EA557C92A0A5CB70023C2E7 /* Frameworks */,
				5EA557CA2A0A5CB70023C2E7 /* Resources */,
				5EA5580A2A0A6AE90023C2E7 /* Embed Frameworks */,
				5E68DEA22A0D04DF00582122 /* Run SwiftLint */,
			);
			buildRules = (
			);
			dependencies = (
			);
			name = Floofs;
			packageProductDependencies = (
				5E68DE8C2A0C595A00582122 /* Kingfisher */,
				5EA6F8012C579A9700E217B6 /* CatsAPI */,
				5EA6F8042C579ABA00E217B6 /* DogsAPI */,
			);
			productName = Floofs;
			productReference = 5EA557CC2A0A5CB70023C2E7 /* Floofs.app */;
			productType = "com.apple.product-type.application";
		};
/* End PBXNativeTarget section */

/* Begin PBXProject section */
		5EA557C42A0A5CB70023C2E7 /* Project object */ = {
			isa = PBXProject;
			attributes = {
				BuildIndependentTargetsInParallel = 1;
				LastSwiftUpdateCheck = 1430;
				LastUpgradeCheck = 1430;
				TargetAttributes = {
					5EA557CB2A0A5CB70023C2E7 = {
						CreatedOnToolsVersion = 14.3;
					};
				};
			};
			buildConfigurationList = 5EA557C72A0A5CB70023C2E7 /* Build configuration list for PBXProject "Floofs" */;
			compatibilityVersion = "Xcode 14.0";
			developmentRegion = en;
			hasScannedForEncodings = 0;
			knownRegions = (
				en,
				Base,
			);
			mainGroup = 5EA557C32A0A5CB70023C2E7;
			packageReferences = (
				5E68DE8B2A0C595900582122 /* XCRemoteSwiftPackageReference "Kingfisher" */,
				5EA6F8002C579A9700E217B6 /* XCLocalSwiftPackageReference "Packages/CatsAPI" */,
				5EA6F8032C579ABA00E217B6 /* XCLocalSwiftPackageReference "Packages/DogsAPI" */,
			);
			productRefGroup = 5EA557CD2A0A5CB70023C2E7 /* Products */;
			projectDirPath = "";
			projectRoot = "";
			targets = (
				5EA557CB2A0A5CB70023C2E7 /* Floofs */,
			);
		};
/* End PBXProject section */

/* Begin PBXResourcesBuildPhase section */
		5EA557CA2A0A5CB70023C2E7 /* Resources */ = {
			isa = PBXResourcesBuildPhase;
			buildActionMask = 2147483647;
			files = (
				5E68DE4C2A0BF68D00582122 /* AppConfig.plist in Resources */,
				5EA557DC2A0A5CBA0023C2E7 /* LaunchScreen.storyboard in Resources */,
				5EA557D92A0A5CBA0023C2E7 /* Assets.xcassets in Resources */,
			);
			runOnlyForDeploymentPostprocessing = 0;
		};
/* End PBXResourcesBuildPhase section */

/* Begin PBXShellScriptBuildPhase section */
		5E68DEA22A0D04DF00582122 /* Run SwiftLint */ = {
			isa = PBXShellScriptBuildPhase;
			alwaysOutOfDate = 1;
			buildActionMask = 2147483647;
			files = (
			);
			inputFileListPaths = (
			);
			inputPaths = (
			);
			name = "Run SwiftLint";
			outputFileListPaths = (
			);
			outputPaths = (
			);
			runOnlyForDeploymentPostprocessing = 0;
			shellPath = /bin/sh;
			shellScript = "if which swiftlint > /dev/null; then\n  swiftlint\nelse\n  echo \"warning: SwiftLint not installed, download from https://github.com/realm/SwiftLint\"\nfi\n";
		};
/* End PBXShellScriptBuildPhase section */

/* Begin PBXSourcesBuildPhase section */
		5EA557C82A0A5CB70023C2E7 /* Sources */ = {
			isa = PBXSourcesBuildPhase;
			buildActionMask = 2147483647;
			files = (
				5E68DE722A0C45D500582122 /* PetsDataSource.swift in Sources */,
				5E68DE5F2A0C268C00582122 /* CatsDataProvider.swift in Sources */,
				5E68DE902A0CD69F00582122 /* PetGalleryViewController.swift in Sources */,
				5E68DE992A0CE9A100582122 /* AppAppearance.swift in Sources */,
				5E68DE932A0CD6E300582122 /* PetGalleryView.swift in Sources */,
				5E68DE862A0C522900582122 /* PetsCollectionViewCell.swift in Sources */,
				5E68DE9D2A0CFB4100582122 /* ImagesLoadingView.swift in Sources */,
				5E68DE742A0C45DA00582122 /* Pet.swift in Sources */,
				5E68DE3D2A0BCEF500582122 /* AppLaunchFailureSceneDelegate.swift in Sources */,
				5ED5EFC12A1B91C600DB79E5 /* Collection.swift in Sources */,
				5E68DE822A0C515E00582122 /* PetsView.swift in Sources */,
				5E68DE372A0BC74200582122 /* TabConfigurable.swift in Sources */,
				5E68DE972A0CDD5600582122 /* UIColor.swift in Sources */,
				5E68DE442A0BEB9800582122 /* AppScene.swift in Sources */,
				5E68DE462A0BEC5E00582122 /* AppLaunchFailureViewController.swift in Sources */,
				5E68DE952A0CD6F700582122 /* PetGalleryCollectionViewCell.swift in Sources */,
				5E68DE9B2A0CE9D900582122 /* UIViewController.swift in Sources */,
				5E68DE882A0C52D600582122 /* UICollectionView.swift in Sources */,
				5E68DE6C2A0C2D7800582122 /* Array.swift in Sources */,
				5E68DE482A0BF1E700582122 /* AppConfigError.swift in Sources */,
				5E68DE792A0C4AC400582122 /* Dog.swift in Sources */,
				5E68DEA62A0D171600582122 /* PetImageDataProviding.swift in Sources */,
				5E68DE6A2A0C2CFD00582122 /* DogsDataProvider.swift in Sources */,
				5E68DE8A2A0C52E700582122 /* Dequeueable.swift in Sources */,
				5E68DE702A0C35B100582122 /* PetsViewController.swift in Sources */,
				5E68DE842A0C517F00582122 /* UIView.swift in Sources */,
				5E68DE3B2A0BC8F600582122 /* AppConfig.swift in Sources */,
				5E68DE772A0C4AB200582122 /* Cat.swift in Sources */,
				5E68DE352A0BC73A00582122 /* Tab.swift in Sources */,
				5EA557D02A0A5CB70023C2E7 /* AppDelegate.swift in Sources */,
				5EA557D22A0A5CB70023C2E7 /* AppLaunchSceneDelegate.swift in Sources */,
			);
			runOnlyForDeploymentPostprocessing = 0;
		};
/* End PBXSourcesBuildPhase section */

/* Begin PBXVariantGroup section */
		5EA557DA2A0A5CBA0023C2E7 /* LaunchScreen.storyboard */ = {
			isa = PBXVariantGroup;
			children = (
				5EA557DB2A0A5CBA0023C2E7 /* Base */,
			);
			name = LaunchScreen.storyboard;
			sourceTree = "<group>";
		};
/* End PBXVariantGroup section */

/* Begin XCBuildConfiguration section */
		5EA557DE2A0A5CBA0023C2E7 /* Debug */ = {
			isa = XCBuildConfiguration;
			buildSettings = {
				ALWAYS_SEARCH_USER_PATHS = NO;
				CLANG_ANALYZER_NONNULL = YES;
				CLANG_ANALYZER_NUMBER_OBJECT_CONVERSION = YES_AGGRESSIVE;
				CLANG_CXX_LANGUAGE_STANDARD = "gnu++20";
				CLANG_ENABLE_MODULES = YES;
				CLANG_ENABLE_OBJC_ARC = YES;
				CLANG_ENABLE_OBJC_WEAK = YES;
				CLANG_WARN_BLOCK_CAPTURE_AUTORELEASING = YES;
				CLANG_WARN_BOOL_CONVERSION = YES;
				CLANG_WARN_COMMA = YES;
				CLANG_WARN_CONSTANT_CONVERSION = YES;
				CLANG_WARN_DEPRECATED_OBJC_IMPLEMENTATIONS = YES;
				CLANG_WARN_DIRECT_OBJC_ISA_USAGE = YES_ERROR;
				CLANG_WARN_DOCUMENTATION_COMMENTS = YES;
				CLANG_WARN_EMPTY_BODY = YES;
				CLANG_WARN_ENUM_CONVERSION = YES;
				CLANG_WARN_INFINITE_RECURSION = YES;
				CLANG_WARN_INT_CONVERSION = YES;
				CLANG_WARN_NON_LITERAL_NULL_CONVERSION = YES;
				CLANG_WARN_OBJC_IMPLICIT_RETAIN_SELF = YES;
				CLANG_WARN_OBJC_LITERAL_CONVERSION = YES;
				CLANG_WARN_OBJC_ROOT_CLASS = YES_ERROR;
				CLANG_WARN_QUOTED_INCLUDE_IN_FRAMEWORK_HEADER = YES;
				CLANG_WARN_RANGE_LOOP_ANALYSIS = YES;
				CLANG_WARN_STRICT_PROTOTYPES = YES;
				CLANG_WARN_SUSPICIOUS_MOVE = YES;
				CLANG_WARN_UNGUARDED_AVAILABILITY = YES_AGGRESSIVE;
				CLANG_WARN_UNREACHABLE_CODE = YES;
				CLANG_WARN__DUPLICATE_METHOD_MATCH = YES;
				COPY_PHASE_STRIP = NO;
				DEBUG_INFORMATION_FORMAT = dwarf;
				ENABLE_STRICT_OBJC_MSGSEND = YES;
				ENABLE_TESTABILITY = YES;
				GCC_C_LANGUAGE_STANDARD = gnu11;
				GCC_DYNAMIC_NO_PIC = NO;
				GCC_NO_COMMON_BLOCKS = YES;
				GCC_OPTIMIZATION_LEVEL = 0;
				GCC_PREPROCESSOR_DEFINITIONS = (
					"DEBUG=1",
					"$(inherited)",
				);
				GCC_WARN_64_TO_32_BIT_CONVERSION = YES;
				GCC_WARN_ABOUT_RETURN_TYPE = YES_ERROR;
				GCC_WARN_UNDECLARED_SELECTOR = YES;
				GCC_WARN_UNINITIALIZED_AUTOS = YES_AGGRESSIVE;
				GCC_WARN_UNUSED_FUNCTION = YES;
				GCC_WARN_UNUSED_VARIABLE = YES;
				IPHONEOS_DEPLOYMENT_TARGET = 16.4;
				MTL_ENABLE_DEBUG_INFO = INCLUDE_SOURCE;
				MTL_FAST_MATH = YES;
				ONLY_ACTIVE_ARCH = YES;
				SDKROOT = iphoneos;
				SWIFT_ACTIVE_COMPILATION_CONDITIONS = DEBUG;
				SWIFT_OPTIMIZATION_LEVEL = "-Onone";
			};
			name = Debug;
		};
		5EA557DF2A0A5CBA0023C2E7 /* Release */ = {
			isa = XCBuildConfiguration;
			buildSettings = {
				ALWAYS_SEARCH_USER_PATHS = NO;
				CLANG_ANALYZER_NONNULL = YES;
				CLANG_ANALYZER_NUMBER_OBJECT_CONVERSION = YES_AGGRESSIVE;
				CLANG_CXX_LANGUAGE_STANDARD = "gnu++20";
				CLANG_ENABLE_MODULES = YES;
				CLANG_ENABLE_OBJC_ARC = YES;
				CLANG_ENABLE_OBJC_WEAK = YES;
				CLANG_WARN_BLOCK_CAPTURE_AUTORELEASING = YES;
				CLANG_WARN_BOOL_CONVERSION = YES;
				CLANG_WARN_COMMA = YES;
				CLANG_WARN_CONSTANT_CONVERSION = YES;
				CLANG_WARN_DEPRECATED_OBJC_IMPLEMENTATIONS = YES;
				CLANG_WARN_DIRECT_OBJC_ISA_USAGE = YES_ERROR;
				CLANG_WARN_DOCUMENTATION_COMMENTS = YES;
				CLANG_WARN_EMPTY_BODY = YES;
				CLANG_WARN_ENUM_CONVERSION = YES;
				CLANG_WARN_INFINITE_RECURSION = YES;
				CLANG_WARN_INT_CONVERSION = YES;
				CLANG_WARN_NON_LITERAL_NULL_CONVERSION = YES;
				CLANG_WARN_OBJC_IMPLICIT_RETAIN_SELF = YES;
				CLANG_WARN_OBJC_LITERAL_CONVERSION = YES;
				CLANG_WARN_OBJC_ROOT_CLASS = YES_ERROR;
				CLANG_WARN_QUOTED_INCLUDE_IN_FRAMEWORK_HEADER = YES;
				CLANG_WARN_RANGE_LOOP_ANALYSIS = YES;
				CLANG_WARN_STRICT_PROTOTYPES = YES;
				CLANG_WARN_SUSPICIOUS_MOVE = YES;
				CLANG_WARN_UNGUARDED_AVAILABILITY = YES_AGGRESSIVE;
				CLANG_WARN_UNREACHABLE_CODE = YES;
				CLANG_WARN__DUPLICATE_METHOD_MATCH = YES;
				COPY_PHASE_STRIP = NO;
				DEBUG_INFORMATION_FORMAT = "dwarf-with-dsym";
				ENABLE_NS_ASSERTIONS = NO;
				ENABLE_STRICT_OBJC_MSGSEND = YES;
				GCC_C_LANGUAGE_STANDARD = gnu11;
				GCC_NO_COMMON_BLOCKS = YES;
				GCC_WARN_64_TO_32_BIT_CONVERSION = YES;
				GCC_WARN_ABOUT_RETURN_TYPE = YES_ERROR;
				GCC_WARN_UNDECLARED_SELECTOR = YES;
				GCC_WARN_UNINITIALIZED_AUTOS = YES_AGGRESSIVE;
				GCC_WARN_UNUSED_FUNCTION = YES;
				GCC_WARN_UNUSED_VARIABLE = YES;
				IPHONEOS_DEPLOYMENT_TARGET = 16.4;
				MTL_ENABLE_DEBUG_INFO = NO;
				MTL_FAST_MATH = YES;
				SDKROOT = iphoneos;
				SWIFT_COMPILATION_MODE = wholemodule;
				SWIFT_OPTIMIZATION_LEVEL = "-O";
				VALIDATE_PRODUCT = YES;
			};
			name = Release;
		};
		5EA557E12A0A5CBA0023C2E7 /* Debug */ = {
			isa = XCBuildConfiguration;
			buildSettings = {
				ASSETCATALOG_COMPILER_APPICON_NAME = AppIcon;
				ASSETCATALOG_COMPILER_GLOBAL_ACCENT_COLOR_NAME = AccentColor;
				CODE_SIGN_STYLE = Automatic;
				CURRENT_PROJECT_VERSION = 1;
				DEVELOPMENT_TEAM = 665R2CAQ6E;
				GENERATE_INFOPLIST_FILE = YES;
				INFOPLIST_FILE = Floofs/Info.plist;
				INFOPLIST_KEY_UIApplicationSupportsIndirectInputEvents = YES;
				INFOPLIST_KEY_UILaunchStoryboardName = LaunchScreen;
				INFOPLIST_KEY_UISupportedInterfaceOrientations = UIInterfaceOrientationPortrait;
				INFOPLIST_KEY_UISupportedInterfaceOrientations_iPad = "UIInterfaceOrientationLandscapeLeft UIInterfaceOrientationLandscapeRight UIInterfaceOrientationPortrait UIInterfaceOrientationPortraitUpsideDown";
				IPHONEOS_DEPLOYMENT_TARGET = 14.0;
				LD_RUNPATH_SEARCH_PATHS = (
					"$(inherited)",
					"@executable_path/Frameworks",
				);
				MARKETING_VERSION = 1.0;
				PRODUCT_BUNDLE_IDENTIFIER = com.nerubianin.Floofs;
				PRODUCT_NAME = "$(TARGET_NAME)";
				SWIFT_EMIT_LOC_STRINGS = YES;
				SWIFT_VERSION = 5.0;
				TARGETED_DEVICE_FAMILY = "1,2";
			};
			name = Debug;
		};
		5EA557E22A0A5CBA0023C2E7 /* Release */ = {
			isa = XCBuildConfiguration;
			buildSettings = {
				ASSETCATALOG_COMPILER_APPICON_NAME = AppIcon;
				ASSETCATALOG_COMPILER_GLOBAL_ACCENT_COLOR_NAME = AccentColor;
				CODE_SIGN_STYLE = Automatic;
				CURRENT_PROJECT_VERSION = 1;
				DEVELOPMENT_TEAM = 665R2CAQ6E;
				GENERATE_INFOPLIST_FILE = YES;
				INFOPLIST_FILE = Floofs/Info.plist;
				INFOPLIST_KEY_UIApplicationSupportsIndirectInputEvents = YES;
				INFOPLIST_KEY_UILaunchStoryboardName = LaunchScreen;
				INFOPLIST_KEY_UISupportedInterfaceOrientations = UIInterfaceOrientationPortrait;
				INFOPLIST_KEY_UISupportedInterfaceOrientations_iPad = "UIInterfaceOrientationLandscapeLeft UIInterfaceOrientationLandscapeRight UIInterfaceOrientationPortrait UIInterfaceOrientationPortraitUpsideDown";
				IPHONEOS_DEPLOYMENT_TARGET = 14.0;
				LD_RUNPATH_SEARCH_PATHS = (
					"$(inherited)",
					"@executable_path/Frameworks",
				);
				MARKETING_VERSION = 1.0;
				PRODUCT_BUNDLE_IDENTIFIER = com.nerubianin.Floofs;
				PRODUCT_NAME = "$(TARGET_NAME)";
				SWIFT_EMIT_LOC_STRINGS = YES;
				SWIFT_VERSION = 5.0;
				TARGETED_DEVICE_FAMILY = "1,2";
			};
			name = Release;
		};
/* End XCBuildConfiguration section */

/* Begin XCConfigurationList section */
		5EA557C72A0A5CB70023C2E7 /* Build configuration list for PBXProject "Floofs" */ = {
			isa = XCConfigurationList;
			buildConfigurations = (
				5EA557DE2A0A5CBA0023C2E7 /* Debug */,
				5EA557DF2A0A5CBA0023C2E7 /* Release */,
			);
			defaultConfigurationIsVisible = 0;
			defaultConfigurationName = Release;
		};
		5EA557E02A0A5CBA0023C2E7 /* Build configuration list for PBXNativeTarget "Floofs" */ = {
			isa = XCConfigurationList;
			buildConfigurations = (
				5EA557E12A0A5CBA0023C2E7 /* Debug */,
				5EA557E22A0A5CBA0023C2E7 /* Release */,
			);
			defaultConfigurationIsVisible = 0;
			defaultConfigurationName = Release;
		};
/* End XCConfigurationList section */

/* Begin XCLocalSwiftPackageReference section */
		5EA6F8002C579A9700E217B6 /* XCLocalSwiftPackageReference "Packages/CatsAPI" */ = {
			isa = XCLocalSwiftPackageReference;
			relativePath = Packages/CatsAPI;
		};
		5EA6F8032C579ABA00E217B6 /* XCLocalSwiftPackageReference "Packages/DogsAPI" */ = {
			isa = XCLocalSwiftPackageReference;
			relativePath = Packages/DogsAPI;
		};
/* End XCLocalSwiftPackageReference section */

/* Begin XCRemoteSwiftPackageReference section */
		5E68DE8B2A0C595900582122 /* XCRemoteSwiftPackageReference "Kingfisher" */ = {
			isa = XCRemoteSwiftPackageReference;
			repositoryURL = "https://github.com/onevcat/Kingfisher";
			requirement = {
				kind = upToNextMajorVersion;
				minimumVersion = 7.0.0;
			};
		};
/* End XCRemoteSwiftPackageReference section */

/* Begin XCSwiftPackageProductDependency section */
		5E68DE8C2A0C595A00582122 /* Kingfisher */ = {
			isa = XCSwiftPackageProductDependency;
			package = 5E68DE8B2A0C595900582122 /* XCRemoteSwiftPackageReference "Kingfisher" */;
			productName = Kingfisher;
		};
		5EA6F8012C579A9700E217B6 /* CatsAPI */ = {
			isa = XCSwiftPackageProductDependency;
			productName = CatsAPI;
		};
		5EA6F8042C579ABA00E217B6 /* DogsAPI */ = {
			isa = XCSwiftPackageProductDependency;
			productName = DogsAPI;
		};
/* End XCSwiftPackageProductDependency section */
	};
	rootObject = 5EA557C42A0A5CB70023C2E7 /* Project object */;
}
