// !$*UTF8*$!
{
	archiveVersion = 1;
	classes = {
	};
	objectVersion = 56;
	objects = {

/* Begin PBXBuildFile section */
		5E68DE012A0BBA1A00582122 /* CatsAPI.docc in Sources */ = {isa = PBXBuildFile; fileRef = 5E68DE002A0BBA1A00582122 /* CatsAPI.docc */; };
		5E68DE072A0BBA1A00582122 /* CatsAPI.framework in Frameworks */ = {isa = PBXBuildFile; fileRef = 5E68DDFD2A0BBA1900582122 /* CatsAPI.framework */; };
		5E68DE0E2A0BBA1B00582122 /* CatsAPITests.swift in Sources */ = {isa = PBXBuildFile; fileRef = 5E68DE0D2A0BBA1B00582122 /* CatsAPITests.swift */; };
		5E68DE0F2A0BBA1B00582122 /* CatsAPI.h in Headers */ = {isa = PBXBuildFile; fileRef = 5E68DDFF2A0BBA1A00582122 /* CatsAPI.h */; settings = {ATTRIBUTES = (Public, ); }; };
		5E68DE122A0BBA1B00582122 /* CatsAPI.framework in Frameworks */ = {isa = PBXBuildFile; fileRef = 5E68DDFD2A0BBA1900582122 /* CatsAPI.framework */; };
		5E68DE132A0BBA1B00582122 /* CatsAPI.framework in Embed Frameworks */ = {isa = PBXBuildFile; fileRef = 5E68DDFD2A0BBA1900582122 /* CatsAPI.framework */; settings = {ATTRIBUTES = (CodeSignOnCopy, RemoveHeadersOnCopy, ); }; };
		5E68DE252A0BBAC200582122 /* CatsAPIConfiguration.swift in Sources */ = {isa = PBXBuildFile; fileRef = 5E68DE1E2A0BBAC200582122 /* CatsAPIConfiguration.swift */; };
		5E68DE262A0BBAC200582122 /* CatsBreedsListRequest.swift in Sources */ = {isa = PBXBuildFile; fileRef = 5E68DE1F2A0BBAC200582122 /* CatsBreedsListRequest.swift */; };
		5E68DE282A0BBAC200582122 /* CatsBreedListResponseMapper.swift in Sources */ = {isa = PBXBuildFile; fileRef = 5E68DE212A0BBAC200582122 /* CatsBreedListResponseMapper.swift */; };
		5E68DE292A0BBAC200582122 /* CatsBreedsListResponse.swift in Sources */ = {isa = PBXBuildFile; fileRef = 5E68DE222A0BBAC200582122 /* CatsBreedsListResponse.swift */; };
		5E68DE2A2A0BBAC200582122 /* CatsAPIVersion.swift in Sources */ = {isa = PBXBuildFile; fileRef = 5E68DE232A0BBAC200582122 /* CatsAPIVersion.swift */; };
		5E68DE2B2A0BBAC200582122 /* CatsAPIClient.swift in Sources */ = {isa = PBXBuildFile; fileRef = 5E68DE242A0BBAC200582122 /* CatsAPIClient.swift */; };
		5E68DE2D2A0BBB3A00582122 /* Cat.swift in Sources */ = {isa = PBXBuildFile; fileRef = 5E68DE2C2A0BBB3A00582122 /* Cat.swift */; };
		5E68DE332A0BBE6900582122 /* CatsViewController.swift in Sources */ = {isa = PBXBuildFile; fileRef = 5E68DE322A0BBE6900582122 /* CatsViewController.swift */; };
		5E68DE352A0BC73A00582122 /* Tab.swift in Sources */ = {isa = PBXBuildFile; fileRef = 5E68DE342A0BC73A00582122 /* Tab.swift */; };
		5E68DE372A0BC74200582122 /* TabConfigurable.swift in Sources */ = {isa = PBXBuildFile; fileRef = 5E68DE362A0BC74200582122 /* TabConfigurable.swift */; };
		5E68DE3B2A0BC8F600582122 /* AppConfig.swift in Sources */ = {isa = PBXBuildFile; fileRef = 5E68DE3A2A0BC8F600582122 /* AppConfig.swift */; };
		5E68DE3D2A0BCEF500582122 /* AppLaunchFailureSceneDelegate.swift in Sources */ = {isa = PBXBuildFile; fileRef = 5E68DE3C2A0BCEF500582122 /* AppLaunchFailureSceneDelegate.swift */; };
		5E68DE412A0BDB3D00582122 /* CatsDataSource.swift in Sources */ = {isa = PBXBuildFile; fileRef = 5E68DE402A0BDB3D00582122 /* CatsDataSource.swift */; };
		5E68DE442A0BEB9800582122 /* AppScene.swift in Sources */ = {isa = PBXBuildFile; fileRef = 5E68DE432A0BEB9800582122 /* AppScene.swift */; };
		5E68DE462A0BEC5E00582122 /* AppLaunchFailureViewController.swift in Sources */ = {isa = PBXBuildFile; fileRef = 5E68DE452A0BEC5E00582122 /* AppLaunchFailureViewController.swift */; };
		5E68DE482A0BF1E700582122 /* AppConfigError.swift in Sources */ = {isa = PBXBuildFile; fileRef = 5E68DE472A0BF1E700582122 /* AppConfigError.swift */; };
		5E68DE4C2A0BF68D00582122 /* AppConfig.plist in Resources */ = {isa = PBXBuildFile; fileRef = 5E68DE4B2A0BF68D00582122 /* AppConfig.plist */; };
		5E68DE4F2A0BFC3900582122 /* CatsImagesRequest.swift in Sources */ = {isa = PBXBuildFile; fileRef = 5E68DE4E2A0BFC3900582122 /* CatsImagesRequest.swift */; };
		5E68DE522A0BFCAF00582122 /* CatsImagesResponseMapper.swift in Sources */ = {isa = PBXBuildFile; fileRef = 5E68DE512A0BFCAF00582122 /* CatsImagesResponseMapper.swift */; };
		5E68DE542A0BFCBC00582122 /* CatsImagesResponse.swift in Sources */ = {isa = PBXBuildFile; fileRef = 5E68DE532A0BFCBC00582122 /* CatsImagesResponse.swift */; };
		5E68DE5F2A0C268C00582122 /* CatsDataProvider.swift in Sources */ = {isa = PBXBuildFile; fileRef = 5E68DE5E2A0C268C00582122 /* CatsDataProvider.swift */; };
		5EA557D02A0A5CB70023C2E7 /* AppDelegate.swift in Sources */ = {isa = PBXBuildFile; fileRef = 5EA557CF2A0A5CB70023C2E7 /* AppDelegate.swift */; };
		5EA557D22A0A5CB70023C2E7 /* AppLaunchSceneDelegate.swift in Sources */ = {isa = PBXBuildFile; fileRef = 5EA557D12A0A5CB70023C2E7 /* AppLaunchSceneDelegate.swift */; };
		5EA557D42A0A5CB70023C2E7 /* DogsViewController.swift in Sources */ = {isa = PBXBuildFile; fileRef = 5EA557D32A0A5CB70023C2E7 /* DogsViewController.swift */; };
		5EA557D92A0A5CBA0023C2E7 /* Assets.xcassets in Resources */ = {isa = PBXBuildFile; fileRef = 5EA557D82A0A5CBA0023C2E7 /* Assets.xcassets */; };
		5EA557DC2A0A5CBA0023C2E7 /* LaunchScreen.storyboard in Resources */ = {isa = PBXBuildFile; fileRef = 5EA557DA2A0A5CBA0023C2E7 /* LaunchScreen.storyboard */; };
		5EA557F42A0A6AE70023C2E7 /* APILayer.docc in Sources */ = {isa = PBXBuildFile; fileRef = 5EA557F32A0A6AE70023C2E7 /* APILayer.docc */; };
		5EA557FA2A0A6AE80023C2E7 /* APILayer.framework in Frameworks */ = {isa = PBXBuildFile; fileRef = 5EA557F02A0A6AE70023C2E7 /* APILayer.framework */; };
		5EA558012A0A6AE80023C2E7 /* APILayerTests.swift in Sources */ = {isa = PBXBuildFile; fileRef = 5EA558002A0A6AE80023C2E7 /* APILayerTests.swift */; };
		5EA558022A0A6AE80023C2E7 /* APILayer.h in Headers */ = {isa = PBXBuildFile; fileRef = 5EA557F22A0A6AE70023C2E7 /* APILayer.h */; settings = {ATTRIBUTES = (Public, ); }; };
		5EA558052A0A6AE80023C2E7 /* APILayer.framework in Frameworks */ = {isa = PBXBuildFile; fileRef = 5EA557F02A0A6AE70023C2E7 /* APILayer.framework */; };
		5EA558062A0A6AE90023C2E7 /* APILayer.framework in Embed Frameworks */ = {isa = PBXBuildFile; fileRef = 5EA557F02A0A6AE70023C2E7 /* APILayer.framework */; settings = {ATTRIBUTES = (CodeSignOnCopy, RemoveHeadersOnCopy, ); }; };
		5EA5581D2A0A6B380023C2E7 /* APIRequestBuilder.swift in Sources */ = {isa = PBXBuildFile; fileRef = 5EA558112A0A6B380023C2E7 /* APIRequestBuilder.swift */; };
		5EA5581E2A0A6B380023C2E7 /* APIConfiguration.swift in Sources */ = {isa = PBXBuildFile; fileRef = 5EA558132A0A6B380023C2E7 /* APIConfiguration.swift */; };
		5EA5581F2A0A6B380023C2E7 /* APIClient.swift in Sources */ = {isa = PBXBuildFile; fileRef = 5EA558142A0A6B380023C2E7 /* APIClient.swift */; };
		5EA558202A0A6B380023C2E7 /* APIScheme.swift in Sources */ = {isa = PBXBuildFile; fileRef = 5EA558152A0A6B380023C2E7 /* APIScheme.swift */; };
		5EA558212A0A6B380023C2E7 /* APIResponseCustomMapping.swift in Sources */ = {isa = PBXBuildFile; fileRef = 5EA558162A0A6B380023C2E7 /* APIResponseCustomMapping.swift */; };
		5EA558222A0A6B380023C2E7 /* APIRequestMethod.swift in Sources */ = {isa = PBXBuildFile; fileRef = 5EA558172A0A6B380023C2E7 /* APIRequestMethod.swift */; };
		5EA558232A0A6B380023C2E7 /* APIKey.swift in Sources */ = {isa = PBXBuildFile; fileRef = 5EA558182A0A6B380023C2E7 /* APIKey.swift */; };
		5EA558242A0A6B380023C2E7 /* APIResponse.swift in Sources */ = {isa = PBXBuildFile; fileRef = 5EA558192A0A6B380023C2E7 /* APIResponse.swift */; };
		5EA558252A0A6B380023C2E7 /* APIClientError.swift in Sources */ = {isa = PBXBuildFile; fileRef = 5EA5581A2A0A6B380023C2E7 /* APIClientError.swift */; };
		5EA558262A0A6B380023C2E7 /* APIRequest.swift in Sources */ = {isa = PBXBuildFile; fileRef = 5EA5581B2A0A6B380023C2E7 /* APIRequest.swift */; };
		5EA558272A0A6B380023C2E7 /* APIResponseNoOpMapper.swift in Sources */ = {isa = PBXBuildFile; fileRef = 5EA5581C2A0A6B380023C2E7 /* APIResponseNoOpMapper.swift */; };
		5EA558332A0A70CE0023C2E7 /* DogsAPI.docc in Sources */ = {isa = PBXBuildFile; fileRef = 5EA558322A0A70CE0023C2E7 /* DogsAPI.docc */; };
		5EA558392A0A70CE0023C2E7 /* DogsAPI.framework in Frameworks */ = {isa = PBXBuildFile; fileRef = 5EA5582F2A0A70CD0023C2E7 /* DogsAPI.framework */; };
		5EA558402A0A70CF0023C2E7 /* DogsAPITests.swift in Sources */ = {isa = PBXBuildFile; fileRef = 5EA5583F2A0A70CF0023C2E7 /* DogsAPITests.swift */; };
		5EA558412A0A70CF0023C2E7 /* DogsAPI.h in Headers */ = {isa = PBXBuildFile; fileRef = 5EA558312A0A70CE0023C2E7 /* DogsAPI.h */; settings = {ATTRIBUTES = (Public, ); }; };
		5EA558442A0A70CF0023C2E7 /* DogsAPI.framework in Frameworks */ = {isa = PBXBuildFile; fileRef = 5EA5582F2A0A70CD0023C2E7 /* DogsAPI.framework */; };
		5EA558452A0A70CF0023C2E7 /* DogsAPI.framework in Embed Frameworks */ = {isa = PBXBuildFile; fileRef = 5EA5582F2A0A70CD0023C2E7 /* DogsAPI.framework */; settings = {ATTRIBUTES = (CodeSignOnCopy, RemoveHeadersOnCopy, ); }; };
		5EA558532A0A712D0023C2E7 /* DogsAPIConfiguration.swift in Sources */ = {isa = PBXBuildFile; fileRef = 5EA5584C2A0A712D0023C2E7 /* DogsAPIConfiguration.swift */; };
		5EA558542A0A712D0023C2E7 /* BreedListResponseMapper.swift in Sources */ = {isa = PBXBuildFile; fileRef = 5EA5584E2A0A712D0023C2E7 /* BreedListResponseMapper.swift */; };
		5EA558552A0A712D0023C2E7 /* BreedsListResponse.swift in Sources */ = {isa = PBXBuildFile; fileRef = 5EA5584F2A0A712D0023C2E7 /* BreedsListResponse.swift */; };
		5EA558562A0A712D0023C2E7 /* BreedsListRequest.swift in Sources */ = {isa = PBXBuildFile; fileRef = 5EA558502A0A712D0023C2E7 /* BreedsListRequest.swift */; };
		5EA558572A0A712D0023C2E7 /* DogsAPIResponse.swift in Sources */ = {isa = PBXBuildFile; fileRef = 5EA558512A0A712D0023C2E7 /* DogsAPIResponse.swift */; };
		5EA558582A0A712D0023C2E7 /* DogsAPIClient.swift in Sources */ = {isa = PBXBuildFile; fileRef = 5EA558522A0A712D0023C2E7 /* DogsAPIClient.swift */; };
		5EA5585C2A0A71C50023C2E7 /* Dog.swift in Sources */ = {isa = PBXBuildFile; fileRef = 5EA5585B2A0A71C50023C2E7 /* Dog.swift */; };
/* End PBXBuildFile section */

/* Begin PBXContainerItemProxy section */
		5E68DE082A0BBA1A00582122 /* PBXContainerItemProxy */ = {
			isa = PBXContainerItemProxy;
			containerPortal = 5EA557C42A0A5CB70023C2E7 /* Project object */;
			proxyType = 1;
			remoteGlobalIDString = 5E68DDFC2A0BBA1900582122;
			remoteInfo = CatsAPI;
		};
		5E68DE0A2A0BBA1B00582122 /* PBXContainerItemProxy */ = {
			isa = PBXContainerItemProxy;
			containerPortal = 5EA557C42A0A5CB70023C2E7 /* Project object */;
			proxyType = 1;
			remoteGlobalIDString = 5EA557CB2A0A5CB70023C2E7;
			remoteInfo = Floofs;
		};
		5E68DE102A0BBA1B00582122 /* PBXContainerItemProxy */ = {
			isa = PBXContainerItemProxy;
			containerPortal = 5EA557C42A0A5CB70023C2E7 /* Project object */;
			proxyType = 1;
			remoteGlobalIDString = 5E68DDFC2A0BBA1900582122;
			remoteInfo = CatsAPI;
		};
		5E68DE1A2A0BBA3B00582122 /* PBXContainerItemProxy */ = {
			isa = PBXContainerItemProxy;
			containerPortal = 5EA557C42A0A5CB70023C2E7 /* Project object */;
			proxyType = 1;
			remoteGlobalIDString = 5EA557EF2A0A6AE70023C2E7;
			remoteInfo = APILayer;
		};
		5EA557FB2A0A6AE80023C2E7 /* PBXContainerItemProxy */ = {
			isa = PBXContainerItemProxy;
			containerPortal = 5EA557C42A0A5CB70023C2E7 /* Project object */;
			proxyType = 1;
			remoteGlobalIDString = 5EA557EF2A0A6AE70023C2E7;
			remoteInfo = APILayer;
		};
		5EA557FD2A0A6AE80023C2E7 /* PBXContainerItemProxy */ = {
			isa = PBXContainerItemProxy;
			containerPortal = 5EA557C42A0A5CB70023C2E7 /* Project object */;
			proxyType = 1;
			remoteGlobalIDString = 5EA557CB2A0A5CB70023C2E7;
			remoteInfo = Floofs;
		};
		5EA5583A2A0A70CE0023C2E7 /* PBXContainerItemProxy */ = {
			isa = PBXContainerItemProxy;
			containerPortal = 5EA557C42A0A5CB70023C2E7 /* Project object */;
			proxyType = 1;
			remoteGlobalIDString = 5EA5582E2A0A70CD0023C2E7;
			remoteInfo = DogsAPI;
		};
		5EA5583C2A0A70CF0023C2E7 /* PBXContainerItemProxy */ = {
			isa = PBXContainerItemProxy;
			containerPortal = 5EA557C42A0A5CB70023C2E7 /* Project object */;
			proxyType = 1;
			remoteGlobalIDString = 5EA557CB2A0A5CB70023C2E7;
			remoteInfo = Floofs;
		};
		5EA558422A0A70CF0023C2E7 /* PBXContainerItemProxy */ = {
			isa = PBXContainerItemProxy;
			containerPortal = 5EA557C42A0A5CB70023C2E7 /* Project object */;
			proxyType = 1;
			remoteGlobalIDString = 5EA5582E2A0A70CD0023C2E7;
			remoteInfo = DogsAPI;
		};
		5EA5585F2A0BAF4C0023C2E7 /* PBXContainerItemProxy */ = {
			isa = PBXContainerItemProxy;
			containerPortal = 5EA557C42A0A5CB70023C2E7 /* Project object */;
			proxyType = 1;
			remoteGlobalIDString = 5EA557EF2A0A6AE70023C2E7;
			remoteInfo = APILayer;
		};
/* End PBXContainerItemProxy section */

/* Begin PBXCopyFilesBuildPhase section */
		5EA5580A2A0A6AE90023C2E7 /* Embed Frameworks */ = {
			isa = PBXCopyFilesBuildPhase;
			buildActionMask = 2147483647;
			dstPath = "";
			dstSubfolderSpec = 10;
			files = (
				5E68DE132A0BBA1B00582122 /* CatsAPI.framework in Embed Frameworks */,
				5EA558452A0A70CF0023C2E7 /* DogsAPI.framework in Embed Frameworks */,
				5EA558062A0A6AE90023C2E7 /* APILayer.framework in Embed Frameworks */,
			);
			name = "Embed Frameworks";
			runOnlyForDeploymentPostprocessing = 0;
		};
/* End PBXCopyFilesBuildPhase section */

/* Begin PBXFileReference section */
		5E68DDFD2A0BBA1900582122 /* CatsAPI.framework */ = {isa = PBXFileReference; explicitFileType = wrapper.framework; includeInIndex = 0; path = CatsAPI.framework; sourceTree = BUILT_PRODUCTS_DIR; };
		5E68DDFF2A0BBA1A00582122 /* CatsAPI.h */ = {isa = PBXFileReference; lastKnownFileType = sourcecode.c.h; path = CatsAPI.h; sourceTree = "<group>"; };
		5E68DE002A0BBA1A00582122 /* CatsAPI.docc */ = {isa = PBXFileReference; lastKnownFileType = folder.documentationcatalog; path = CatsAPI.docc; sourceTree = "<group>"; };
		5E68DE062A0BBA1A00582122 /* CatsAPITests.xctest */ = {isa = PBXFileReference; explicitFileType = wrapper.cfbundle; includeInIndex = 0; path = CatsAPITests.xctest; sourceTree = BUILT_PRODUCTS_DIR; };
		5E68DE0D2A0BBA1B00582122 /* CatsAPITests.swift */ = {isa = PBXFileReference; lastKnownFileType = sourcecode.swift; path = CatsAPITests.swift; sourceTree = "<group>"; };
		5E68DE1E2A0BBAC200582122 /* CatsAPIConfiguration.swift */ = {isa = PBXFileReference; fileEncoding = 4; lastKnownFileType = sourcecode.swift; path = CatsAPIConfiguration.swift; sourceTree = "<group>"; };
		5E68DE1F2A0BBAC200582122 /* CatsBreedsListRequest.swift */ = {isa = PBXFileReference; fileEncoding = 4; lastKnownFileType = sourcecode.swift; path = CatsBreedsListRequest.swift; sourceTree = "<group>"; };
		5E68DE212A0BBAC200582122 /* CatsBreedListResponseMapper.swift */ = {isa = PBXFileReference; fileEncoding = 4; lastKnownFileType = sourcecode.swift; path = CatsBreedListResponseMapper.swift; sourceTree = "<group>"; };
		5E68DE222A0BBAC200582122 /* CatsBreedsListResponse.swift */ = {isa = PBXFileReference; fileEncoding = 4; lastKnownFileType = sourcecode.swift; path = CatsBreedsListResponse.swift; sourceTree = "<group>"; };
		5E68DE232A0BBAC200582122 /* CatsAPIVersion.swift */ = {isa = PBXFileReference; fileEncoding = 4; lastKnownFileType = sourcecode.swift; path = CatsAPIVersion.swift; sourceTree = "<group>"; };
		5E68DE242A0BBAC200582122 /* CatsAPIClient.swift */ = {isa = PBXFileReference; fileEncoding = 4; lastKnownFileType = sourcecode.swift; path = CatsAPIClient.swift; sourceTree = "<group>"; };
		5E68DE2C2A0BBB3A00582122 /* Cat.swift */ = {isa = PBXFileReference; lastKnownFileType = sourcecode.swift; path = Cat.swift; sourceTree = "<group>"; };
		5E68DE322A0BBE6900582122 /* CatsViewController.swift */ = {isa = PBXFileReference; lastKnownFileType = sourcecode.swift; path = CatsViewController.swift; sourceTree = "<group>"; };
		5E68DE342A0BC73A00582122 /* Tab.swift */ = {isa = PBXFileReference; lastKnownFileType = sourcecode.swift; path = Tab.swift; sourceTree = "<group>"; };
		5E68DE362A0BC74200582122 /* TabConfigurable.swift */ = {isa = PBXFileReference; lastKnownFileType = sourcecode.swift; path = TabConfigurable.swift; sourceTree = "<group>"; };
		5E68DE3A2A0BC8F600582122 /* AppConfig.swift */ = {isa = PBXFileReference; lastKnownFileType = sourcecode.swift; path = AppConfig.swift; sourceTree = "<group>"; };
		5E68DE3C2A0BCEF500582122 /* AppLaunchFailureSceneDelegate.swift */ = {isa = PBXFileReference; lastKnownFileType = sourcecode.swift; path = AppLaunchFailureSceneDelegate.swift; sourceTree = "<group>"; };
		5E68DE402A0BDB3D00582122 /* CatsDataSource.swift */ = {isa = PBXFileReference; lastKnownFileType = sourcecode.swift; path = CatsDataSource.swift; sourceTree = "<group>"; };
		5E68DE432A0BEB9800582122 /* AppScene.swift */ = {isa = PBXFileReference; lastKnownFileType = sourcecode.swift; path = AppScene.swift; sourceTree = "<group>"; };
		5E68DE452A0BEC5E00582122 /* AppLaunchFailureViewController.swift */ = {isa = PBXFileReference; lastKnownFileType = sourcecode.swift; path = AppLaunchFailureViewController.swift; sourceTree = "<group>"; };
		5E68DE472A0BF1E700582122 /* AppConfigError.swift */ = {isa = PBXFileReference; lastKnownFileType = sourcecode.swift; path = AppConfigError.swift; sourceTree = "<group>"; };
		5E68DE4B2A0BF68D00582122 /* AppConfig.plist */ = {isa = PBXFileReference; fileEncoding = 4; lastKnownFileType = text.plist.xml; path = AppConfig.plist; sourceTree = "<group>"; };
		5E68DE4E2A0BFC3900582122 /* CatsImagesRequest.swift */ = {isa = PBXFileReference; lastKnownFileType = sourcecode.swift; path = CatsImagesRequest.swift; sourceTree = "<group>"; };
		5E68DE512A0BFCAF00582122 /* CatsImagesResponseMapper.swift */ = {isa = PBXFileReference; lastKnownFileType = sourcecode.swift; path = CatsImagesResponseMapper.swift; sourceTree = "<group>"; };
		5E68DE532A0BFCBC00582122 /* CatsImagesResponse.swift */ = {isa = PBXFileReference; lastKnownFileType = sourcecode.swift; path = CatsImagesResponse.swift; sourceTree = "<group>"; };
		5E68DE5E2A0C268C00582122 /* CatsDataProvider.swift */ = {isa = PBXFileReference; lastKnownFileType = sourcecode.swift; path = CatsDataProvider.swift; sourceTree = "<group>"; };
		5EA557CC2A0A5CB70023C2E7 /* Floofs.app */ = {isa = PBXFileReference; explicitFileType = wrapper.application; includeInIndex = 0; path = Floofs.app; sourceTree = BUILT_PRODUCTS_DIR; };
		5EA557CF2A0A5CB70023C2E7 /* AppDelegate.swift */ = {isa = PBXFileReference; lastKnownFileType = sourcecode.swift; path = AppDelegate.swift; sourceTree = "<group>"; };
		5EA557D12A0A5CB70023C2E7 /* AppLaunchSceneDelegate.swift */ = {isa = PBXFileReference; lastKnownFileType = sourcecode.swift; path = AppLaunchSceneDelegate.swift; sourceTree = "<group>"; };
		5EA557D32A0A5CB70023C2E7 /* DogsViewController.swift */ = {isa = PBXFileReference; lastKnownFileType = sourcecode.swift; path = DogsViewController.swift; sourceTree = "<group>"; };
		5EA557D82A0A5CBA0023C2E7 /* Assets.xcassets */ = {isa = PBXFileReference; lastKnownFileType = folder.assetcatalog; path = Assets.xcassets; sourceTree = "<group>"; };
		5EA557DB2A0A5CBA0023C2E7 /* Base */ = {isa = PBXFileReference; lastKnownFileType = file.storyboard; name = Base; path = Base.lproj/LaunchScreen.storyboard; sourceTree = "<group>"; };
		5EA557DD2A0A5CBA0023C2E7 /* Info.plist */ = {isa = PBXFileReference; lastKnownFileType = text.plist.xml; path = Info.plist; sourceTree = "<group>"; };
		5EA557F02A0A6AE70023C2E7 /* APILayer.framework */ = {isa = PBXFileReference; explicitFileType = wrapper.framework; includeInIndex = 0; path = APILayer.framework; sourceTree = BUILT_PRODUCTS_DIR; };
		5EA557F22A0A6AE70023C2E7 /* APILayer.h */ = {isa = PBXFileReference; lastKnownFileType = sourcecode.c.h; path = APILayer.h; sourceTree = "<group>"; };
		5EA557F32A0A6AE70023C2E7 /* APILayer.docc */ = {isa = PBXFileReference; lastKnownFileType = folder.documentationcatalog; path = APILayer.docc; sourceTree = "<group>"; };
		5EA557F92A0A6AE80023C2E7 /* APILayerTests.xctest */ = {isa = PBXFileReference; explicitFileType = wrapper.cfbundle; includeInIndex = 0; path = APILayerTests.xctest; sourceTree = BUILT_PRODUCTS_DIR; };
		5EA558002A0A6AE80023C2E7 /* APILayerTests.swift */ = {isa = PBXFileReference; lastKnownFileType = sourcecode.swift; path = APILayerTests.swift; sourceTree = "<group>"; };
		5EA558112A0A6B380023C2E7 /* APIRequestBuilder.swift */ = {isa = PBXFileReference; fileEncoding = 4; lastKnownFileType = sourcecode.swift; path = APIRequestBuilder.swift; sourceTree = "<group>"; };
		5EA558132A0A6B380023C2E7 /* APIConfiguration.swift */ = {isa = PBXFileReference; fileEncoding = 4; lastKnownFileType = sourcecode.swift; path = APIConfiguration.swift; sourceTree = "<group>"; };
		5EA558142A0A6B380023C2E7 /* APIClient.swift */ = {isa = PBXFileReference; fileEncoding = 4; lastKnownFileType = sourcecode.swift; path = APIClient.swift; sourceTree = "<group>"; };
		5EA558152A0A6B380023C2E7 /* APIScheme.swift */ = {isa = PBXFileReference; fileEncoding = 4; lastKnownFileType = sourcecode.swift; path = APIScheme.swift; sourceTree = "<group>"; };
		5EA558162A0A6B380023C2E7 /* APIResponseCustomMapping.swift */ = {isa = PBXFileReference; fileEncoding = 4; lastKnownFileType = sourcecode.swift; path = APIResponseCustomMapping.swift; sourceTree = "<group>"; };
		5EA558172A0A6B380023C2E7 /* APIRequestMethod.swift */ = {isa = PBXFileReference; fileEncoding = 4; lastKnownFileType = sourcecode.swift; path = APIRequestMethod.swift; sourceTree = "<group>"; };
		5EA558182A0A6B380023C2E7 /* APIKey.swift */ = {isa = PBXFileReference; fileEncoding = 4; lastKnownFileType = sourcecode.swift; path = APIKey.swift; sourceTree = "<group>"; };
		5EA558192A0A6B380023C2E7 /* APIResponse.swift */ = {isa = PBXFileReference; fileEncoding = 4; lastKnownFileType = sourcecode.swift; path = APIResponse.swift; sourceTree = "<group>"; };
		5EA5581A2A0A6B380023C2E7 /* APIClientError.swift */ = {isa = PBXFileReference; fileEncoding = 4; lastKnownFileType = sourcecode.swift; path = APIClientError.swift; sourceTree = "<group>"; };
		5EA5581B2A0A6B380023C2E7 /* APIRequest.swift */ = {isa = PBXFileReference; fileEncoding = 4; lastKnownFileType = sourcecode.swift; path = APIRequest.swift; sourceTree = "<group>"; };
		5EA5581C2A0A6B380023C2E7 /* APIResponseNoOpMapper.swift */ = {isa = PBXFileReference; fileEncoding = 4; lastKnownFileType = sourcecode.swift; path = APIResponseNoOpMapper.swift; sourceTree = "<group>"; };
		5EA5582F2A0A70CD0023C2E7 /* DogsAPI.framework */ = {isa = PBXFileReference; explicitFileType = wrapper.framework; includeInIndex = 0; path = DogsAPI.framework; sourceTree = BUILT_PRODUCTS_DIR; };
		5EA558312A0A70CE0023C2E7 /* DogsAPI.h */ = {isa = PBXFileReference; lastKnownFileType = sourcecode.c.h; path = DogsAPI.h; sourceTree = "<group>"; };
		5EA558322A0A70CE0023C2E7 /* DogsAPI.docc */ = {isa = PBXFileReference; lastKnownFileType = folder.documentationcatalog; path = DogsAPI.docc; sourceTree = "<group>"; };
		5EA558382A0A70CE0023C2E7 /* DogsAPITests.xctest */ = {isa = PBXFileReference; explicitFileType = wrapper.cfbundle; includeInIndex = 0; path = DogsAPITests.xctest; sourceTree = BUILT_PRODUCTS_DIR; };
		5EA5583F2A0A70CF0023C2E7 /* DogsAPITests.swift */ = {isa = PBXFileReference; lastKnownFileType = sourcecode.swift; path = DogsAPITests.swift; sourceTree = "<group>"; };
		5EA5584C2A0A712D0023C2E7 /* DogsAPIConfiguration.swift */ = {isa = PBXFileReference; fileEncoding = 4; lastKnownFileType = sourcecode.swift; path = DogsAPIConfiguration.swift; sourceTree = "<group>"; };
		5EA5584E2A0A712D0023C2E7 /* BreedListResponseMapper.swift */ = {isa = PBXFileReference; fileEncoding = 4; lastKnownFileType = sourcecode.swift; path = BreedListResponseMapper.swift; sourceTree = "<group>"; };
		5EA5584F2A0A712D0023C2E7 /* BreedsListResponse.swift */ = {isa = PBXFileReference; fileEncoding = 4; lastKnownFileType = sourcecode.swift; path = BreedsListResponse.swift; sourceTree = "<group>"; };
		5EA558502A0A712D0023C2E7 /* BreedsListRequest.swift */ = {isa = PBXFileReference; fileEncoding = 4; lastKnownFileType = sourcecode.swift; path = BreedsListRequest.swift; sourceTree = "<group>"; };
		5EA558512A0A712D0023C2E7 /* DogsAPIResponse.swift */ = {isa = PBXFileReference; fileEncoding = 4; lastKnownFileType = sourcecode.swift; path = DogsAPIResponse.swift; sourceTree = "<group>"; };
		5EA558522A0A712D0023C2E7 /* DogsAPIClient.swift */ = {isa = PBXFileReference; fileEncoding = 4; lastKnownFileType = sourcecode.swift; path = DogsAPIClient.swift; sourceTree = "<group>"; };
		5EA5585B2A0A71C50023C2E7 /* Dog.swift */ = {isa = PBXFileReference; lastKnownFileType = sourcecode.swift; path = Dog.swift; sourceTree = "<group>"; };
/* End PBXFileReference section */

/* Begin PBXFrameworksBuildPhase section */
		5E68DDFA2A0BBA1900582122 /* Frameworks */ = {
			isa = PBXFrameworksBuildPhase;
			buildActionMask = 2147483647;
			files = (
			);
			runOnlyForDeploymentPostprocessing = 0;
		};
		5E68DE032A0BBA1A00582122 /* Frameworks */ = {
			isa = PBXFrameworksBuildPhase;
			buildActionMask = 2147483647;
			files = (
				5E68DE072A0BBA1A00582122 /* CatsAPI.framework in Frameworks */,
			);
			runOnlyForDeploymentPostprocessing = 0;
		};
		5EA557C92A0A5CB70023C2E7 /* Frameworks */ = {
			isa = PBXFrameworksBuildPhase;
			buildActionMask = 2147483647;
			files = (
				5E68DE122A0BBA1B00582122 /* CatsAPI.framework in Frameworks */,
				5EA558442A0A70CF0023C2E7 /* DogsAPI.framework in Frameworks */,
				5EA558052A0A6AE80023C2E7 /* APILayer.framework in Frameworks */,
			);
			runOnlyForDeploymentPostprocessing = 0;
		};
		5EA557ED2A0A6AE70023C2E7 /* Frameworks */ = {
			isa = PBXFrameworksBuildPhase;
			buildActionMask = 2147483647;
			files = (
			);
			runOnlyForDeploymentPostprocessing = 0;
		};
		5EA557F62A0A6AE80023C2E7 /* Frameworks */ = {
			isa = PBXFrameworksBuildPhase;
			buildActionMask = 2147483647;
			files = (
				5EA557FA2A0A6AE80023C2E7 /* APILayer.framework in Frameworks */,
			);
			runOnlyForDeploymentPostprocessing = 0;
		};
		5EA5582C2A0A70CD0023C2E7 /* Frameworks */ = {
			isa = PBXFrameworksBuildPhase;
			buildActionMask = 2147483647;
			files = (
			);
			runOnlyForDeploymentPostprocessing = 0;
		};
		5EA558352A0A70CE0023C2E7 /* Frameworks */ = {
			isa = PBXFrameworksBuildPhase;
			buildActionMask = 2147483647;
			files = (
				5EA558392A0A70CE0023C2E7 /* DogsAPI.framework in Frameworks */,
			);
			runOnlyForDeploymentPostprocessing = 0;
		};
/* End PBXFrameworksBuildPhase section */

/* Begin PBXGroup section */
		5E68DDFE2A0BBA1900582122 /* CatsAPI */ = {
			isa = PBXGroup;
			children = (
				5E68DE002A0BBA1A00582122 /* CatsAPI.docc */,
				5E68DDFF2A0BBA1A00582122 /* CatsAPI.h */,
				5E68DE1D2A0BBAC200582122 /* Public */,
				5E68DE1C2A0BBAC200582122 /* Internal */,
			);
			path = CatsAPI;
			sourceTree = "<group>";
		};
		5E68DE0C2A0BBA1B00582122 /* CatsAPITests */ = {
			isa = PBXGroup;
			children = (
				5E68DE0D2A0BBA1B00582122 /* CatsAPITests.swift */,
			);
			path = CatsAPITests;
			sourceTree = "<group>";
		};
		5E68DE1C2A0BBAC200582122 /* Internal */ = {
			isa = PBXGroup;
			children = (
				5E68DE1E2A0BBAC200582122 /* CatsAPIConfiguration.swift */,
				5E68DE232A0BBAC200582122 /* CatsAPIVersion.swift */,
				5E68DE312A0BBBA000582122 /* Endpoints */,
			);
			path = Internal;
			sourceTree = "<group>";
		};
		5E68DE1D2A0BBAC200582122 /* Public */ = {
			isa = PBXGroup;
			children = (
				5E68DE242A0BBAC200582122 /* CatsAPIClient.swift */,
				5E68DE2E2A0BBB4500582122 /* Models */,
			);
			path = Public;
			sourceTree = "<group>";
		};
		5E68DE2E2A0BBB4500582122 /* Models */ = {
			isa = PBXGroup;
			children = (
				5E68DE2C2A0BBB3A00582122 /* Cat.swift */,
			);
			path = Models;
			sourceTree = "<group>";
		};
		5E68DE2F2A0BBB5000582122 /* Public */ = {
			isa = PBXGroup;
			children = (
				5EA558522A0A712D0023C2E7 /* DogsAPIClient.swift */,
				5EA5585A2A0A71BB0023C2E7 /* Models */,
			);
			path = Public;
			sourceTree = "<group>";
		};
		5E68DE302A0BBB8700582122 /* Internal */ = {
			isa = PBXGroup;
			children = (
				5EA5584C2A0A712D0023C2E7 /* DogsAPIConfiguration.swift */,
				5EA558512A0A712D0023C2E7 /* DogsAPIResponse.swift */,
				5EA5584D2A0A712D0023C2E7 /* Endpoints */,
			);
			path = Internal;
			sourceTree = "<group>";
		};
		5E68DE312A0BBBA000582122 /* Endpoints */ = {
			isa = PBXGroup;
			children = (
				5E68DE4D2A0BFBBC00582122 /* BreedsList */,
				5E68DE502A0BFC3E00582122 /* Images */,
			);
			path = Endpoints;
			sourceTree = "<group>";
		};
		5E68DE3E2A0BDB2600582122 /* Dogs */ = {
			isa = PBXGroup;
			children = (
				5EA557D32A0A5CB70023C2E7 /* DogsViewController.swift */,
			);
			path = Dogs;
			sourceTree = "<group>";
		};
		5E68DE3F2A0BDB2D00582122 /* Cats */ = {
			isa = PBXGroup;
			children = (
				5E68DE322A0BBE6900582122 /* CatsViewController.swift */,
				5E68DE402A0BDB3D00582122 /* CatsDataSource.swift */,
				5E68DE5E2A0C268C00582122 /* CatsDataProvider.swift */,
			);
			path = Cats;
			sourceTree = "<group>";
		};
		5E68DE422A0BEB0300582122 /* Scenes */ = {
			isa = PBXGroup;
			children = (
				5E68DE432A0BEB9800582122 /* AppScene.swift */,
				5EA557D12A0A5CB70023C2E7 /* AppLaunchSceneDelegate.swift */,
				5E68DE3C2A0BCEF500582122 /* AppLaunchFailureSceneDelegate.swift */,
				5E68DE452A0BEC5E00582122 /* AppLaunchFailureViewController.swift */,
			);
			path = Scenes;
			sourceTree = "<group>";
		};
		5E68DE492A0BF58F00582122 /* App */ = {
			isa = PBXGroup;
			children = (
				5EA557CF2A0A5CB70023C2E7 /* AppDelegate.swift */,
				5E68DE3A2A0BC8F600582122 /* AppConfig.swift */,
				5E68DE472A0BF1E700582122 /* AppConfigError.swift */,
				5E68DE4B2A0BF68D00582122 /* AppConfig.plist */,
			);
			path = App;
			sourceTree = "<group>";
		};
		5E68DE4D2A0BFBBC00582122 /* BreedsList */ = {
			isa = PBXGroup;
			children = (
				5E68DE1F2A0BBAC200582122 /* CatsBreedsListRequest.swift */,
				5E68DE212A0BBAC200582122 /* CatsBreedListResponseMapper.swift */,
				5E68DE222A0BBAC200582122 /* CatsBreedsListResponse.swift */,
			);
			path = BreedsList;
			sourceTree = "<group>";
		};
		5E68DE502A0BFC3E00582122 /* Images */ = {
			isa = PBXGroup;
			children = (
				5E68DE4E2A0BFC3900582122 /* CatsImagesRequest.swift */,
				5E68DE512A0BFCAF00582122 /* CatsImagesResponseMapper.swift */,
				5E68DE532A0BFCBC00582122 /* CatsImagesResponse.swift */,
			);
			path = Images;
			sourceTree = "<group>";
		};
		5EA557C32A0A5CB70023C2E7 = {
			isa = PBXGroup;
			children = (
				5EA557CE2A0A5CB70023C2E7 /* Floofs */,
				5EA557F12A0A6AE70023C2E7 /* APILayer */,
				5EA557FF2A0A6AE80023C2E7 /* APILayerTests */,
				5EA558302A0A70CE0023C2E7 /* DogsAPI */,
				5EA5583E2A0A70CF0023C2E7 /* DogsAPITests */,
				5E68DDFE2A0BBA1900582122 /* CatsAPI */,
				5E68DE0C2A0BBA1B00582122 /* CatsAPITests */,
				5EA557CD2A0A5CB70023C2E7 /* Products */,
			);
			sourceTree = "<group>";
		};
		5EA557CD2A0A5CB70023C2E7 /* Products */ = {
			isa = PBXGroup;
			children = (
				5EA557CC2A0A5CB70023C2E7 /* Floofs.app */,
				5EA557F02A0A6AE70023C2E7 /* APILayer.framework */,
				5EA557F92A0A6AE80023C2E7 /* APILayerTests.xctest */,
				5EA5582F2A0A70CD0023C2E7 /* DogsAPI.framework */,
				5EA558382A0A70CE0023C2E7 /* DogsAPITests.xctest */,
				5E68DDFD2A0BBA1900582122 /* CatsAPI.framework */,
				5E68DE062A0BBA1A00582122 /* CatsAPITests.xctest */,
			);
			name = Products;
			sourceTree = "<group>";
		};
		5EA557CE2A0A5CB70023C2E7 /* Floofs */ = {
			isa = PBXGroup;
			children = (
				5E68DE492A0BF58F00582122 /* App */,
				5E68DE422A0BEB0300582122 /* Scenes */,
				5E68DE3E2A0BDB2600582122 /* Dogs */,
				5E68DE3F2A0BDB2D00582122 /* Cats */,
				5E68DE342A0BC73A00582122 /* Tab.swift */,
				5E68DE362A0BC74200582122 /* TabConfigurable.swift */,
				5EA557D82A0A5CBA0023C2E7 /* Assets.xcassets */,
				5EA557DA2A0A5CBA0023C2E7 /* LaunchScreen.storyboard */,
				5EA557DD2A0A5CBA0023C2E7 /* Info.plist */,
			);
			path = Floofs;
			sourceTree = "<group>";
		};
		5EA557F12A0A6AE70023C2E7 /* APILayer */ = {
			isa = PBXGroup;
			children = (
				5EA557F32A0A6AE70023C2E7 /* APILayer.docc */,
				5EA557F22A0A6AE70023C2E7 /* APILayer.h */,
				5EA558102A0A6B380023C2E7 /* Internal */,
				5EA558122A0A6B380023C2E7 /* Public */,
			);
			path = APILayer;
			sourceTree = "<group>";
		};
		5EA557FF2A0A6AE80023C2E7 /* APILayerTests */ = {
			isa = PBXGroup;
			children = (
				5EA558002A0A6AE80023C2E7 /* APILayerTests.swift */,
			);
			path = APILayerTests;
			sourceTree = "<group>";
		};
		5EA558102A0A6B380023C2E7 /* Internal */ = {
			isa = PBXGroup;
			children = (
				5EA558112A0A6B380023C2E7 /* APIRequestBuilder.swift */,
			);
			path = Internal;
			sourceTree = "<group>";
		};
		5EA558122A0A6B380023C2E7 /* Public */ = {
			isa = PBXGroup;
			children = (
				5EA558132A0A6B380023C2E7 /* APIConfiguration.swift */,
				5EA558142A0A6B380023C2E7 /* APIClient.swift */,
				5EA558152A0A6B380023C2E7 /* APIScheme.swift */,
				5EA558162A0A6B380023C2E7 /* APIResponseCustomMapping.swift */,
				5EA558172A0A6B380023C2E7 /* APIRequestMethod.swift */,
				5EA558182A0A6B380023C2E7 /* APIKey.swift */,
				5EA558192A0A6B380023C2E7 /* APIResponse.swift */,
				5EA5581A2A0A6B380023C2E7 /* APIClientError.swift */,
				5EA5581B2A0A6B380023C2E7 /* APIRequest.swift */,
				5EA5581C2A0A6B380023C2E7 /* APIResponseNoOpMapper.swift */,
			);
			path = Public;
			sourceTree = "<group>";
		};
		5EA558302A0A70CE0023C2E7 /* DogsAPI */ = {
			isa = PBXGroup;
			children = (
				5EA558322A0A70CE0023C2E7 /* DogsAPI.docc */,
				5EA558312A0A70CE0023C2E7 /* DogsAPI.h */,
				5E68DE2F2A0BBB5000582122 /* Public */,
				5E68DE302A0BBB8700582122 /* Internal */,
			);
			path = DogsAPI;
			sourceTree = "<group>";
		};
		5EA5583E2A0A70CF0023C2E7 /* DogsAPITests */ = {
			isa = PBXGroup;
			children = (
				5EA5583F2A0A70CF0023C2E7 /* DogsAPITests.swift */,
			);
			path = DogsAPITests;
			sourceTree = "<group>";
		};
		5EA5584D2A0A712D0023C2E7 /* Endpoints */ = {
			isa = PBXGroup;
			children = (
				5EA558592A0A71750023C2E7 /* BreedsList */,
			);
			path = Endpoints;
			sourceTree = "<group>";
		};
		5EA558592A0A71750023C2E7 /* BreedsList */ = {
			isa = PBXGroup;
			children = (
				5EA5584E2A0A712D0023C2E7 /* BreedListResponseMapper.swift */,
				5EA5584F2A0A712D0023C2E7 /* BreedsListResponse.swift */,
				5EA558502A0A712D0023C2E7 /* BreedsListRequest.swift */,
			);
			path = BreedsList;
			sourceTree = "<group>";
		};
		5EA5585A2A0A71BB0023C2E7 /* Models */ = {
			isa = PBXGroup;
			children = (
				5EA5585B2A0A71C50023C2E7 /* Dog.swift */,
			);
			path = Models;
			sourceTree = "<group>";
		};
/* End PBXGroup section */

/* Begin PBXHeadersBuildPhase section */
		5E68DDF82A0BBA1900582122 /* Headers */ = {
			isa = PBXHeadersBuildPhase;
			buildActionMask = 2147483647;
			files = (
				5E68DE0F2A0BBA1B00582122 /* CatsAPI.h in Headers */,
			);
			runOnlyForDeploymentPostprocessing = 0;
		};
		5EA557EB2A0A6AE70023C2E7 /* Headers */ = {
			isa = PBXHeadersBuildPhase;
			buildActionMask = 2147483647;
			files = (
				5EA558022A0A6AE80023C2E7 /* APILayer.h in Headers */,
			);
			runOnlyForDeploymentPostprocessing = 0;
		};
		5EA5582A2A0A70CD0023C2E7 /* Headers */ = {
			isa = PBXHeadersBuildPhase;
			buildActionMask = 2147483647;
			files = (
				5EA558412A0A70CF0023C2E7 /* DogsAPI.h in Headers */,
			);
			runOnlyForDeploymentPostprocessing = 0;
		};
/* End PBXHeadersBuildPhase section */

/* Begin PBXNativeTarget section */
		5E68DDFC2A0BBA1900582122 /* CatsAPI */ = {
			isa = PBXNativeTarget;
			buildConfigurationList = 5E68DE182A0BBA1B00582122 /* Build configuration list for PBXNativeTarget "CatsAPI" */;
			buildPhases = (
				5E68DDF82A0BBA1900582122 /* Headers */,
				5E68DDF92A0BBA1900582122 /* Sources */,
				5E68DDFA2A0BBA1900582122 /* Frameworks */,
				5E68DDFB2A0BBA1900582122 /* Resources */,
			);
			buildRules = (
			);
			dependencies = (
				5E68DE1B2A0BBA3B00582122 /* PBXTargetDependency */,
			);
			name = CatsAPI;
			productName = CatsAPI;
			productReference = 5E68DDFD2A0BBA1900582122 /* CatsAPI.framework */;
			productType = "com.apple.product-type.framework";
		};
		5E68DE052A0BBA1A00582122 /* CatsAPITests */ = {
			isa = PBXNativeTarget;
			buildConfigurationList = 5E68DE192A0BBA1B00582122 /* Build configuration list for PBXNativeTarget "CatsAPITests" */;
			buildPhases = (
				5E68DE022A0BBA1A00582122 /* Sources */,
				5E68DE032A0BBA1A00582122 /* Frameworks */,
				5E68DE042A0BBA1A00582122 /* Resources */,
			);
			buildRules = (
			);
			dependencies = (
				5E68DE092A0BBA1A00582122 /* PBXTargetDependency */,
				5E68DE0B2A0BBA1B00582122 /* PBXTargetDependency */,
			);
			name = CatsAPITests;
			productName = CatsAPITests;
			productReference = 5E68DE062A0BBA1A00582122 /* CatsAPITests.xctest */;
			productType = "com.apple.product-type.bundle.unit-test";
		};
		5EA557CB2A0A5CB70023C2E7 /* Floofs */ = {
			isa = PBXNativeTarget;
			buildConfigurationList = 5EA557E02A0A5CBA0023C2E7 /* Build configuration list for PBXNativeTarget "Floofs" */;
			buildPhases = (
				5EA557C82A0A5CB70023C2E7 /* Sources */,
				5EA557C92A0A5CB70023C2E7 /* Frameworks */,
				5EA557CA2A0A5CB70023C2E7 /* Resources */,
				5EA5580A2A0A6AE90023C2E7 /* Embed Frameworks */,
			);
			buildRules = (
			);
			dependencies = (
				5EA558432A0A70CF0023C2E7 /* PBXTargetDependency */,
				5E68DE112A0BBA1B00582122 /* PBXTargetDependency */,
			);
			name = Floofs;
			productName = Floofs;
			productReference = 5EA557CC2A0A5CB70023C2E7 /* Floofs.app */;
			productType = "com.apple.product-type.application";
		};
		5EA557EF2A0A6AE70023C2E7 /* APILayer */ = {
			isa = PBXNativeTarget;
			buildConfigurationList = 5EA558072A0A6AE90023C2E7 /* Build configuration list for PBXNativeTarget "APILayer" */;
			buildPhases = (
				5EA557EB2A0A6AE70023C2E7 /* Headers */,
				5EA557EC2A0A6AE70023C2E7 /* Sources */,
				5EA557ED2A0A6AE70023C2E7 /* Frameworks */,
				5EA557EE2A0A6AE70023C2E7 /* Resources */,
			);
			buildRules = (
			);
			dependencies = (
			);
			name = APILayer;
			productName = APILayer;
			productReference = 5EA557F02A0A6AE70023C2E7 /* APILayer.framework */;
			productType = "com.apple.product-type.framework";
		};
		5EA557F82A0A6AE80023C2E7 /* APILayerTests */ = {
			isa = PBXNativeTarget;
			buildConfigurationList = 5EA5580B2A0A6AE90023C2E7 /* Build configuration list for PBXNativeTarget "APILayerTests" */;
			buildPhases = (
				5EA557F52A0A6AE80023C2E7 /* Sources */,
				5EA557F62A0A6AE80023C2E7 /* Frameworks */,
				5EA557F72A0A6AE80023C2E7 /* Resources */,
			);
			buildRules = (
			);
			dependencies = (
				5EA557FC2A0A6AE80023C2E7 /* PBXTargetDependency */,
				5EA557FE2A0A6AE80023C2E7 /* PBXTargetDependency */,
			);
			name = APILayerTests;
			productName = APILayerTests;
			productReference = 5EA557F92A0A6AE80023C2E7 /* APILayerTests.xctest */;
			productType = "com.apple.product-type.bundle.unit-test";
		};
		5EA5582E2A0A70CD0023C2E7 /* DogsAPI */ = {
			isa = PBXNativeTarget;
			buildConfigurationList = 5EA558462A0A70CF0023C2E7 /* Build configuration list for PBXNativeTarget "DogsAPI" */;
			buildPhases = (
				5EA5582A2A0A70CD0023C2E7 /* Headers */,
				5EA5582B2A0A70CD0023C2E7 /* Sources */,
				5EA5582C2A0A70CD0023C2E7 /* Frameworks */,
				5EA5582D2A0A70CD0023C2E7 /* Resources */,
			);
			buildRules = (
			);
			dependencies = (
				5EA558602A0BAF4C0023C2E7 /* PBXTargetDependency */,
			);
			name = DogsAPI;
			productName = DogsAPI;
			productReference = 5EA5582F2A0A70CD0023C2E7 /* DogsAPI.framework */;
			productType = "com.apple.product-type.framework";
		};
		5EA558372A0A70CE0023C2E7 /* DogsAPITests */ = {
			isa = PBXNativeTarget;
			buildConfigurationList = 5EA558492A0A70CF0023C2E7 /* Build configuration list for PBXNativeTarget "DogsAPITests" */;
			buildPhases = (
				5EA558342A0A70CE0023C2E7 /* Sources */,
				5EA558352A0A70CE0023C2E7 /* Frameworks */,
				5EA558362A0A70CE0023C2E7 /* Resources */,
			);
			buildRules = (
			);
			dependencies = (
				5EA5583B2A0A70CE0023C2E7 /* PBXTargetDependency */,
				5EA5583D2A0A70CF0023C2E7 /* PBXTargetDependency */,
			);
			name = DogsAPITests;
			productName = DogsAPITests;
			productReference = 5EA558382A0A70CE0023C2E7 /* DogsAPITests.xctest */;
			productType = "com.apple.product-type.bundle.unit-test";
		};
/* End PBXNativeTarget section */

/* Begin PBXProject section */
		5EA557C42A0A5CB70023C2E7 /* Project object */ = {
			isa = PBXProject;
			attributes = {
				BuildIndependentTargetsInParallel = 1;
				LastSwiftUpdateCheck = 1430;
				LastUpgradeCheck = 1430;
				TargetAttributes = {
					5E68DDFC2A0BBA1900582122 = {
						CreatedOnToolsVersion = 14.3;
					};
					5E68DE052A0BBA1A00582122 = {
						CreatedOnToolsVersion = 14.3;
						TestTargetID = 5EA557CB2A0A5CB70023C2E7;
					};
					5EA557CB2A0A5CB70023C2E7 = {
						CreatedOnToolsVersion = 14.3;
					};
					5EA557EF2A0A6AE70023C2E7 = {
						CreatedOnToolsVersion = 14.3;
					};
					5EA557F82A0A6AE80023C2E7 = {
						CreatedOnToolsVersion = 14.3;
						TestTargetID = 5EA557CB2A0A5CB70023C2E7;
					};
					5EA5582E2A0A70CD0023C2E7 = {
						CreatedOnToolsVersion = 14.3;
					};
					5EA558372A0A70CE0023C2E7 = {
						CreatedOnToolsVersion = 14.3;
						TestTargetID = 5EA557CB2A0A5CB70023C2E7;
					};
				};
			};
			buildConfigurationList = 5EA557C72A0A5CB70023C2E7 /* Build configuration list for PBXProject "Floofs" */;
			compatibilityVersion = "Xcode 14.0";
			developmentRegion = en;
			hasScannedForEncodings = 0;
			knownRegions = (
				en,
				Base,
			);
			mainGroup = 5EA557C32A0A5CB70023C2E7;
			productRefGroup = 5EA557CD2A0A5CB70023C2E7 /* Products */;
			projectDirPath = "";
			projectRoot = "";
			targets = (
				5EA557CB2A0A5CB70023C2E7 /* Floofs */,
				5EA557EF2A0A6AE70023C2E7 /* APILayer */,
				5EA557F82A0A6AE80023C2E7 /* APILayerTests */,
				5EA5582E2A0A70CD0023C2E7 /* DogsAPI */,
				5EA558372A0A70CE0023C2E7 /* DogsAPITests */,
				5E68DDFC2A0BBA1900582122 /* CatsAPI */,
				5E68DE052A0BBA1A00582122 /* CatsAPITests */,
			);
		};
/* End PBXProject section */

/* Begin PBXResourcesBuildPhase section */
		5E68DDFB2A0BBA1900582122 /* Resources */ = {
			isa = PBXResourcesBuildPhase;
			buildActionMask = 2147483647;
			files = (
			);
			runOnlyForDeploymentPostprocessing = 0;
		};
		5E68DE042A0BBA1A00582122 /* Resources */ = {
			isa = PBXResourcesBuildPhase;
			buildActionMask = 2147483647;
			files = (
			);
			runOnlyForDeploymentPostprocessing = 0;
		};
		5EA557CA2A0A5CB70023C2E7 /* Resources */ = {
			isa = PBXResourcesBuildPhase;
			buildActionMask = 2147483647;
			files = (
				5E68DE4C2A0BF68D00582122 /* AppConfig.plist in Resources */,
				5EA557DC2A0A5CBA0023C2E7 /* LaunchScreen.storyboard in Resources */,
				5EA557D92A0A5CBA0023C2E7 /* Assets.xcassets in Resources */,
			);
			runOnlyForDeploymentPostprocessing = 0;
		};
		5EA557EE2A0A6AE70023C2E7 /* Resources */ = {
			isa = PBXResourcesBuildPhase;
			buildActionMask = 2147483647;
			files = (
			);
			runOnlyForDeploymentPostprocessing = 0;
		};
		5EA557F72A0A6AE80023C2E7 /* Resources */ = {
			isa = PBXResourcesBuildPhase;
			buildActionMask = 2147483647;
			files = (
			);
			runOnlyForDeploymentPostprocessing = 0;
		};
		5EA5582D2A0A70CD0023C2E7 /* Resources */ = {
			isa = PBXResourcesBuildPhase;
			buildActionMask = 2147483647;
			files = (
			);
			runOnlyForDeploymentPostprocessing = 0;
		};
		5EA558362A0A70CE0023C2E7 /* Resources */ = {
			isa = PBXResourcesBuildPhase;
			buildActionMask = 2147483647;
			files = (
			);
			runOnlyForDeploymentPostprocessing = 0;
		};
/* End PBXResourcesBuildPhase section */

/* Begin PBXSourcesBuildPhase section */
		5E68DDF92A0BBA1900582122 /* Sources */ = {
			isa = PBXSourcesBuildPhase;
			buildActionMask = 2147483647;
			files = (
				5E68DE542A0BFCBC00582122 /* CatsImagesResponse.swift in Sources */,
				5E68DE292A0BBAC200582122 /* CatsBreedsListResponse.swift in Sources */,
				5E68DE2A2A0BBAC200582122 /* CatsAPIVersion.swift in Sources */,
				5E68DE2B2A0BBAC200582122 /* CatsAPIClient.swift in Sources */,
				5E68DE252A0BBAC200582122 /* CatsAPIConfiguration.swift in Sources */,
				5E68DE2D2A0BBB3A00582122 /* Cat.swift in Sources */,
				5E68DE012A0BBA1A00582122 /* CatsAPI.docc in Sources */,
				5E68DE282A0BBAC200582122 /* CatsBreedListResponseMapper.swift in Sources */,
				5E68DE4F2A0BFC3900582122 /* CatsImagesRequest.swift in Sources */,
				5E68DE522A0BFCAF00582122 /* CatsImagesResponseMapper.swift in Sources */,
				5E68DE262A0BBAC200582122 /* CatsBreedsListRequest.swift in Sources */,
			);
			runOnlyForDeploymentPostprocessing = 0;
		};
		5E68DE022A0BBA1A00582122 /* Sources */ = {
			isa = PBXSourcesBuildPhase;
			buildActionMask = 2147483647;
			files = (
				5E68DE0E2A0BBA1B00582122 /* CatsAPITests.swift in Sources */,
			);
			runOnlyForDeploymentPostprocessing = 0;
		};
		5EA557C82A0A5CB70023C2E7 /* Sources */ = {
			isa = PBXSourcesBuildPhase;
			buildActionMask = 2147483647;
			files = (
				5E68DE5F2A0C268C00582122 /* CatsDataProvider.swift in Sources */,
				5E68DE3D2A0BCEF500582122 /* AppLaunchFailureSceneDelegate.swift in Sources */,
				5E68DE372A0BC74200582122 /* TabConfigurable.swift in Sources */,
				5E68DE442A0BEB9800582122 /* AppScene.swift in Sources */,
				5E68DE462A0BEC5E00582122 /* AppLaunchFailureViewController.swift in Sources */,
				5E68DE482A0BF1E700582122 /* AppConfigError.swift in Sources */,
				5EA557D42A0A5CB70023C2E7 /* DogsViewController.swift in Sources */,
				5E68DE332A0BBE6900582122 /* CatsViewController.swift in Sources */,
				5E68DE3B2A0BC8F600582122 /* AppConfig.swift in Sources */,
				5E68DE352A0BC73A00582122 /* Tab.swift in Sources */,
				5EA557D02A0A5CB70023C2E7 /* AppDelegate.swift in Sources */,
				5EA557D22A0A5CB70023C2E7 /* AppLaunchSceneDelegate.swift in Sources */,
				5E68DE412A0BDB3D00582122 /* CatsDataSource.swift in Sources */,
			);
			runOnlyForDeploymentPostprocessing = 0;
		};
		5EA557EC2A0A6AE70023C2E7 /* Sources */ = {
			isa = PBXSourcesBuildPhase;
			buildActionMask = 2147483647;
			files = (
				5EA558202A0A6B380023C2E7 /* APIScheme.swift in Sources */,
				5EA558212A0A6B380023C2E7 /* APIResponseCustomMapping.swift in Sources */,
				5EA558232A0A6B380023C2E7 /* APIKey.swift in Sources */,
				5EA5581D2A0A6B380023C2E7 /* APIRequestBuilder.swift in Sources */,
				5EA5581E2A0A6B380023C2E7 /* APIConfiguration.swift in Sources */,
				5EA557F42A0A6AE70023C2E7 /* APILayer.docc in Sources */,
				5EA5581F2A0A6B380023C2E7 /* APIClient.swift in Sources */,
				5EA558262A0A6B380023C2E7 /* APIRequest.swift in Sources */,
				5EA558272A0A6B380023C2E7 /* APIResponseNoOpMapper.swift in Sources */,
				5EA558222A0A6B380023C2E7 /* APIRequestMethod.swift in Sources */,
				5EA558252A0A6B380023C2E7 /* APIClientError.swift in Sources */,
				5EA558242A0A6B380023C2E7 /* APIResponse.swift in Sources */,
			);
			runOnlyForDeploymentPostprocessing = 0;
		};
		5EA557F52A0A6AE80023C2E7 /* Sources */ = {
			isa = PBXSourcesBuildPhase;
			buildActionMask = 2147483647;
			files = (
				5EA558012A0A6AE80023C2E7 /* APILayerTests.swift in Sources */,
			);
			runOnlyForDeploymentPostprocessing = 0;
		};
		5EA5582B2A0A70CD0023C2E7 /* Sources */ = {
			isa = PBXSourcesBuildPhase;
			buildActionMask = 2147483647;
			files = (
				5EA558542A0A712D0023C2E7 /* BreedListResponseMapper.swift in Sources */,
				5EA558532A0A712D0023C2E7 /* DogsAPIConfiguration.swift in Sources */,
				5EA558572A0A712D0023C2E7 /* DogsAPIResponse.swift in Sources */,
				5EA558582A0A712D0023C2E7 /* DogsAPIClient.swift in Sources */,
				5EA558562A0A712D0023C2E7 /* BreedsListRequest.swift in Sources */,
				5EA5585C2A0A71C50023C2E7 /* Dog.swift in Sources */,
				5EA558332A0A70CE0023C2E7 /* DogsAPI.docc in Sources */,
				5EA558552A0A712D0023C2E7 /* BreedsListResponse.swift in Sources */,
			);
			runOnlyForDeploymentPostprocessing = 0;
		};
		5EA558342A0A70CE0023C2E7 /* Sources */ = {
			isa = PBXSourcesBuildPhase;
			buildActionMask = 2147483647;
			files = (
				5EA558402A0A70CF0023C2E7 /* DogsAPITests.swift in Sources */,
			);
			runOnlyForDeploymentPostprocessing = 0;
		};
/* End PBXSourcesBuildPhase section */

/* Begin PBXTargetDependency section */
		5E68DE092A0BBA1A00582122 /* PBXTargetDependency */ = {
			isa = PBXTargetDependency;
			target = 5E68DDFC2A0BBA1900582122 /* CatsAPI */;
			targetProxy = 5E68DE082A0BBA1A00582122 /* PBXContainerItemProxy */;
		};
		5E68DE0B2A0BBA1B00582122 /* PBXTargetDependency */ = {
			isa = PBXTargetDependency;
			target = 5EA557CB2A0A5CB70023C2E7 /* Floofs */;
			targetProxy = 5E68DE0A2A0BBA1B00582122 /* PBXContainerItemProxy */;
		};
		5E68DE112A0BBA1B00582122 /* PBXTargetDependency */ = {
			isa = PBXTargetDependency;
			target = 5E68DDFC2A0BBA1900582122 /* CatsAPI */;
			targetProxy = 5E68DE102A0BBA1B00582122 /* PBXContainerItemProxy */;
		};
		5E68DE1B2A0BBA3B00582122 /* PBXTargetDependency */ = {
			isa = PBXTargetDependency;
			target = 5EA557EF2A0A6AE70023C2E7 /* APILayer */;
			targetProxy = 5E68DE1A2A0BBA3B00582122 /* PBXContainerItemProxy */;
		};
		5EA557FC2A0A6AE80023C2E7 /* PBXTargetDependency */ = {
			isa = PBXTargetDependency;
			target = 5EA557EF2A0A6AE70023C2E7 /* APILayer */;
			targetProxy = 5EA557FB2A0A6AE80023C2E7 /* PBXContainerItemProxy */;
		};
		5EA557FE2A0A6AE80023C2E7 /* PBXTargetDependency */ = {
			isa = PBXTargetDependency;
			target = 5EA557CB2A0A5CB70023C2E7 /* Floofs */;
			targetProxy = 5EA557FD2A0A6AE80023C2E7 /* PBXContainerItemProxy */;
		};
		5EA5583B2A0A70CE0023C2E7 /* PBXTargetDependency */ = {
			isa = PBXTargetDependency;
			target = 5EA5582E2A0A70CD0023C2E7 /* DogsAPI */;
			targetProxy = 5EA5583A2A0A70CE0023C2E7 /* PBXContainerItemProxy */;
		};
		5EA5583D2A0A70CF0023C2E7 /* PBXTargetDependency */ = {
			isa = PBXTargetDependency;
			target = 5EA557CB2A0A5CB70023C2E7 /* Floofs */;
			targetProxy = 5EA5583C2A0A70CF0023C2E7 /* PBXContainerItemProxy */;
		};
		5EA558432A0A70CF0023C2E7 /* PBXTargetDependency */ = {
			isa = PBXTargetDependency;
			target = 5EA5582E2A0A70CD0023C2E7 /* DogsAPI */;
			targetProxy = 5EA558422A0A70CF0023C2E7 /* PBXContainerItemProxy */;
		};
		5EA558602A0BAF4C0023C2E7 /* PBXTargetDependency */ = {
			isa = PBXTargetDependency;
			target = 5EA557EF2A0A6AE70023C2E7 /* APILayer */;
			targetProxy = 5EA5585F2A0BAF4C0023C2E7 /* PBXContainerItemProxy */;
		};
/* End PBXTargetDependency section */

/* Begin PBXVariantGroup section */
		5EA557DA2A0A5CBA0023C2E7 /* LaunchScreen.storyboard */ = {
			isa = PBXVariantGroup;
			children = (
				5EA557DB2A0A5CBA0023C2E7 /* Base */,
			);
			name = LaunchScreen.storyboard;
			sourceTree = "<group>";
		};
/* End PBXVariantGroup section */

/* Begin XCBuildConfiguration section */
		5E68DE142A0BBA1B00582122 /* Debug */ = {
			isa = XCBuildConfiguration;
			buildSettings = {
				CODE_SIGN_STYLE = Automatic;
				CURRENT_PROJECT_VERSION = 1;
				DEFINES_MODULE = YES;
				DEVELOPMENT_TEAM = 665R2CAQ6E;
				DYLIB_COMPATIBILITY_VERSION = 1;
				DYLIB_CURRENT_VERSION = 1;
				DYLIB_INSTALL_NAME_BASE = "@rpath";
				ENABLE_MODULE_VERIFIER = YES;
				GENERATE_INFOPLIST_FILE = YES;
				INFOPLIST_KEY_NSHumanReadableCopyright = "";
				INSTALL_PATH = "$(LOCAL_LIBRARY_DIR)/Frameworks";
				IPHONEOS_DEPLOYMENT_TARGET = 14.0;
				LD_RUNPATH_SEARCH_PATHS = (
					"$(inherited)",
					"@executable_path/Frameworks",
					"@loader_path/Frameworks",
				);
				MARKETING_VERSION = 1.0;
				MODULE_VERIFIER_SUPPORTED_LANGUAGES = "objective-c objective-c++";
				MODULE_VERIFIER_SUPPORTED_LANGUAGE_STANDARDS = "gnu11 gnu++20";
				PRODUCT_BUNDLE_IDENTIFIER = com.nerubianin.CatsAPI;
				PRODUCT_NAME = "$(TARGET_NAME:c99extidentifier)";
				SKIP_INSTALL = YES;
				SWIFT_EMIT_LOC_STRINGS = YES;
				SWIFT_VERSION = 5.0;
				TARGETED_DEVICE_FAMILY = "1,2";
				VERSIONING_SYSTEM = "apple-generic";
				VERSION_INFO_PREFIX = "";
			};
			name = Debug;
		};
		5E68DE152A0BBA1B00582122 /* Release */ = {
			isa = XCBuildConfiguration;
			buildSettings = {
				CODE_SIGN_STYLE = Automatic;
				CURRENT_PROJECT_VERSION = 1;
				DEFINES_MODULE = YES;
				DEVELOPMENT_TEAM = 665R2CAQ6E;
				DYLIB_COMPATIBILITY_VERSION = 1;
				DYLIB_CURRENT_VERSION = 1;
				DYLIB_INSTALL_NAME_BASE = "@rpath";
				ENABLE_MODULE_VERIFIER = YES;
				GENERATE_INFOPLIST_FILE = YES;
				INFOPLIST_KEY_NSHumanReadableCopyright = "";
				INSTALL_PATH = "$(LOCAL_LIBRARY_DIR)/Frameworks";
				IPHONEOS_DEPLOYMENT_TARGET = 14.0;
				LD_RUNPATH_SEARCH_PATHS = (
					"$(inherited)",
					"@executable_path/Frameworks",
					"@loader_path/Frameworks",
				);
				MARKETING_VERSION = 1.0;
				MODULE_VERIFIER_SUPPORTED_LANGUAGES = "objective-c objective-c++";
				MODULE_VERIFIER_SUPPORTED_LANGUAGE_STANDARDS = "gnu11 gnu++20";
				PRODUCT_BUNDLE_IDENTIFIER = com.nerubianin.CatsAPI;
				PRODUCT_NAME = "$(TARGET_NAME:c99extidentifier)";
				SKIP_INSTALL = YES;
				SWIFT_EMIT_LOC_STRINGS = YES;
				SWIFT_VERSION = 5.0;
				TARGETED_DEVICE_FAMILY = "1,2";
				VERSIONING_SYSTEM = "apple-generic";
				VERSION_INFO_PREFIX = "";
			};
			name = Release;
		};
		5E68DE162A0BBA1B00582122 /* Debug */ = {
			isa = XCBuildConfiguration;
			buildSettings = {
				ALWAYS_EMBED_SWIFT_STANDARD_LIBRARIES = YES;
				CODE_SIGN_STYLE = Automatic;
				CURRENT_PROJECT_VERSION = 1;
				DEVELOPMENT_TEAM = 665R2CAQ6E;
				GENERATE_INFOPLIST_FILE = YES;
				MARKETING_VERSION = 1.0;
				PRODUCT_BUNDLE_IDENTIFIER = com.nerubianin.CatsAPITests;
				PRODUCT_NAME = "$(TARGET_NAME)";
				SWIFT_EMIT_LOC_STRINGS = NO;
				SWIFT_VERSION = 5.0;
				TARGETED_DEVICE_FAMILY = "1,2";
				TEST_HOST = "$(BUILT_PRODUCTS_DIR)/Floofs.app/$(BUNDLE_EXECUTABLE_FOLDER_PATH)/Floofs";
			};
			name = Debug;
		};
		5E68DE172A0BBA1B00582122 /* Release */ = {
			isa = XCBuildConfiguration;
			buildSettings = {
				ALWAYS_EMBED_SWIFT_STANDARD_LIBRARIES = YES;
				CODE_SIGN_STYLE = Automatic;
				CURRENT_PROJECT_VERSION = 1;
				DEVELOPMENT_TEAM = 665R2CAQ6E;
				GENERATE_INFOPLIST_FILE = YES;
				MARKETING_VERSION = 1.0;
				PRODUCT_BUNDLE_IDENTIFIER = com.nerubianin.CatsAPITests;
				PRODUCT_NAME = "$(TARGET_NAME)";
				SWIFT_EMIT_LOC_STRINGS = NO;
				SWIFT_VERSION = 5.0;
				TARGETED_DEVICE_FAMILY = "1,2";
				TEST_HOST = "$(BUILT_PRODUCTS_DIR)/Floofs.app/$(BUNDLE_EXECUTABLE_FOLDER_PATH)/Floofs";
			};
			name = Release;
		};
		5EA557DE2A0A5CBA0023C2E7 /* Debug */ = {
			isa = XCBuildConfiguration;
			buildSettings = {
				ALWAYS_SEARCH_USER_PATHS = NO;
				CLANG_ANALYZER_NONNULL = YES;
				CLANG_ANALYZER_NUMBER_OBJECT_CONVERSION = YES_AGGRESSIVE;
				CLANG_CXX_LANGUAGE_STANDARD = "gnu++20";
				CLANG_ENABLE_MODULES = YES;
				CLANG_ENABLE_OBJC_ARC = YES;
				CLANG_ENABLE_OBJC_WEAK = YES;
				CLANG_WARN_BLOCK_CAPTURE_AUTORELEASING = YES;
				CLANG_WARN_BOOL_CONVERSION = YES;
				CLANG_WARN_COMMA = YES;
				CLANG_WARN_CONSTANT_CONVERSION = YES;
				CLANG_WARN_DEPRECATED_OBJC_IMPLEMENTATIONS = YES;
				CLANG_WARN_DIRECT_OBJC_ISA_USAGE = YES_ERROR;
				CLANG_WARN_DOCUMENTATION_COMMENTS = YES;
				CLANG_WARN_EMPTY_BODY = YES;
				CLANG_WARN_ENUM_CONVERSION = YES;
				CLANG_WARN_INFINITE_RECURSION = YES;
				CLANG_WARN_INT_CONVERSION = YES;
				CLANG_WARN_NON_LITERAL_NULL_CONVERSION = YES;
				CLANG_WARN_OBJC_IMPLICIT_RETAIN_SELF = YES;
				CLANG_WARN_OBJC_LITERAL_CONVERSION = YES;
				CLANG_WARN_OBJC_ROOT_CLASS = YES_ERROR;
				CLANG_WARN_QUOTED_INCLUDE_IN_FRAMEWORK_HEADER = YES;
				CLANG_WARN_RANGE_LOOP_ANALYSIS = YES;
				CLANG_WARN_STRICT_PROTOTYPES = YES;
				CLANG_WARN_SUSPICIOUS_MOVE = YES;
				CLANG_WARN_UNGUARDED_AVAILABILITY = YES_AGGRESSIVE;
				CLANG_WARN_UNREACHABLE_CODE = YES;
				CLANG_WARN__DUPLICATE_METHOD_MATCH = YES;
				COPY_PHASE_STRIP = NO;
				DEBUG_INFORMATION_FORMAT = dwarf;
				ENABLE_STRICT_OBJC_MSGSEND = YES;
				ENABLE_TESTABILITY = YES;
				GCC_C_LANGUAGE_STANDARD = gnu11;
				GCC_DYNAMIC_NO_PIC = NO;
				GCC_NO_COMMON_BLOCKS = YES;
				GCC_OPTIMIZATION_LEVEL = 0;
				GCC_PREPROCESSOR_DEFINITIONS = (
					"DEBUG=1",
					"$(inherited)",
				);
				GCC_WARN_64_TO_32_BIT_CONVERSION = YES;
				GCC_WARN_ABOUT_RETURN_TYPE = YES_ERROR;
				GCC_WARN_UNDECLARED_SELECTOR = YES;
				GCC_WARN_UNINITIALIZED_AUTOS = YES_AGGRESSIVE;
				GCC_WARN_UNUSED_FUNCTION = YES;
				GCC_WARN_UNUSED_VARIABLE = YES;
				IPHONEOS_DEPLOYMENT_TARGET = 16.4;
				MTL_ENABLE_DEBUG_INFO = INCLUDE_SOURCE;
				MTL_FAST_MATH = YES;
				ONLY_ACTIVE_ARCH = YES;
				SDKROOT = iphoneos;
				SWIFT_ACTIVE_COMPILATION_CONDITIONS = DEBUG;
				SWIFT_OPTIMIZATION_LEVEL = "-Onone";
			};
			name = Debug;
		};
		5EA557DF2A0A5CBA0023C2E7 /* Release */ = {
			isa = XCBuildConfiguration;
			buildSettings = {
				ALWAYS_SEARCH_USER_PATHS = NO;
				CLANG_ANALYZER_NONNULL = YES;
				CLANG_ANALYZER_NUMBER_OBJECT_CONVERSION = YES_AGGRESSIVE;
				CLANG_CXX_LANGUAGE_STANDARD = "gnu++20";
				CLANG_ENABLE_MODULES = YES;
				CLANG_ENABLE_OBJC_ARC = YES;
				CLANG_ENABLE_OBJC_WEAK = YES;
				CLANG_WARN_BLOCK_CAPTURE_AUTORELEASING = YES;
				CLANG_WARN_BOOL_CONVERSION = YES;
				CLANG_WARN_COMMA = YES;
				CLANG_WARN_CONSTANT_CONVERSION = YES;
				CLANG_WARN_DEPRECATED_OBJC_IMPLEMENTATIONS = YES;
				CLANG_WARN_DIRECT_OBJC_ISA_USAGE = YES_ERROR;
				CLANG_WARN_DOCUMENTATION_COMMENTS = YES;
				CLANG_WARN_EMPTY_BODY = YES;
				CLANG_WARN_ENUM_CONVERSION = YES;
				CLANG_WARN_INFINITE_RECURSION = YES;
				CLANG_WARN_INT_CONVERSION = YES;
				CLANG_WARN_NON_LITERAL_NULL_CONVERSION = YES;
				CLANG_WARN_OBJC_IMPLICIT_RETAIN_SELF = YES;
				CLANG_WARN_OBJC_LITERAL_CONVERSION = YES;
				CLANG_WARN_OBJC_ROOT_CLASS = YES_ERROR;
				CLANG_WARN_QUOTED_INCLUDE_IN_FRAMEWORK_HEADER = YES;
				CLANG_WARN_RANGE_LOOP_ANALYSIS = YES;
				CLANG_WARN_STRICT_PROTOTYPES = YES;
				CLANG_WARN_SUSPICIOUS_MOVE = YES;
				CLANG_WARN_UNGUARDED_AVAILABILITY = YES_AGGRESSIVE;
				CLANG_WARN_UNREACHABLE_CODE = YES;
				CLANG_WARN__DUPLICATE_METHOD_MATCH = YES;
				COPY_PHASE_STRIP = NO;
				DEBUG_INFORMATION_FORMAT = "dwarf-with-dsym";
				ENABLE_NS_ASSERTIONS = NO;
				ENABLE_STRICT_OBJC_MSGSEND = YES;
				GCC_C_LANGUAGE_STANDARD = gnu11;
				GCC_NO_COMMON_BLOCKS = YES;
				GCC_WARN_64_TO_32_BIT_CONVERSION = YES;
				GCC_WARN_ABOUT_RETURN_TYPE = YES_ERROR;
				GCC_WARN_UNDECLARED_SELECTOR = YES;
				GCC_WARN_UNINITIALIZED_AUTOS = YES_AGGRESSIVE;
				GCC_WARN_UNUSED_FUNCTION = YES;
				GCC_WARN_UNUSED_VARIABLE = YES;
				IPHONEOS_DEPLOYMENT_TARGET = 16.4;
				MTL_ENABLE_DEBUG_INFO = NO;
				MTL_FAST_MATH = YES;
				SDKROOT = iphoneos;
				SWIFT_COMPILATION_MODE = wholemodule;
				SWIFT_OPTIMIZATION_LEVEL = "-O";
				VALIDATE_PRODUCT = YES;
			};
			name = Release;
		};
		5EA557E12A0A5CBA0023C2E7 /* Debug */ = {
			isa = XCBuildConfiguration;
			buildSettings = {
				ALWAYS_EMBED_SWIFT_STANDARD_LIBRARIES = YES;
				ASSETCATALOG_COMPILER_APPICON_NAME = AppIcon;
				ASSETCATALOG_COMPILER_GLOBAL_ACCENT_COLOR_NAME = AccentColor;
				CODE_SIGN_STYLE = Automatic;
				CURRENT_PROJECT_VERSION = 1;
				DEVELOPMENT_TEAM = 665R2CAQ6E;
				GENERATE_INFOPLIST_FILE = YES;
				INFOPLIST_FILE = Floofs/Info.plist;
				INFOPLIST_KEY_UIApplicationSupportsIndirectInputEvents = YES;
				INFOPLIST_KEY_UILaunchStoryboardName = LaunchScreen;
				INFOPLIST_KEY_UISupportedInterfaceOrientations = UIInterfaceOrientationPortrait;
				INFOPLIST_KEY_UISupportedInterfaceOrientations_iPad = "UIInterfaceOrientationLandscapeLeft UIInterfaceOrientationLandscapeRight UIInterfaceOrientationPortrait UIInterfaceOrientationPortraitUpsideDown";
				IPHONEOS_DEPLOYMENT_TARGET = 14.0;
				LD_RUNPATH_SEARCH_PATHS = (
					"$(inherited)",
					"@executable_path/Frameworks",
				);
				MARKETING_VERSION = 1.0;
				PRODUCT_BUNDLE_IDENTIFIER = com.nerubianin.Floofs;
				PRODUCT_NAME = "$(TARGET_NAME)";
				SWIFT_EMIT_LOC_STRINGS = YES;
				SWIFT_VERSION = 5.0;
				TARGETED_DEVICE_FAMILY = "1,2";
			};
			name = Debug;
		};
		5EA557E22A0A5CBA0023C2E7 /* Release */ = {
			isa = XCBuildConfiguration;
			buildSettings = {
				ALWAYS_EMBED_SWIFT_STANDARD_LIBRARIES = YES;
				ASSETCATALOG_COMPILER_APPICON_NAME = AppIcon;
				ASSETCATALOG_COMPILER_GLOBAL_ACCENT_COLOR_NAME = AccentColor;
				CODE_SIGN_STYLE = Automatic;
				CURRENT_PROJECT_VERSION = 1;
				DEVELOPMENT_TEAM = 665R2CAQ6E;
				GENERATE_INFOPLIST_FILE = YES;
				INFOPLIST_FILE = Floofs/Info.plist;
				INFOPLIST_KEY_UIApplicationSupportsIndirectInputEvents = YES;
				INFOPLIST_KEY_UILaunchStoryboardName = LaunchScreen;
				INFOPLIST_KEY_UISupportedInterfaceOrientations = UIInterfaceOrientationPortrait;
				INFOPLIST_KEY_UISupportedInterfaceOrientations_iPad = "UIInterfaceOrientationLandscapeLeft UIInterfaceOrientationLandscapeRight UIInterfaceOrientationPortrait UIInterfaceOrientationPortraitUpsideDown";
				IPHONEOS_DEPLOYMENT_TARGET = 14.0;
				LD_RUNPATH_SEARCH_PATHS = (
					"$(inherited)",
					"@executable_path/Frameworks",
				);
				MARKETING_VERSION = 1.0;
				PRODUCT_BUNDLE_IDENTIFIER = com.nerubianin.Floofs;
				PRODUCT_NAME = "$(TARGET_NAME)";
				SWIFT_EMIT_LOC_STRINGS = YES;
				SWIFT_VERSION = 5.0;
				TARGETED_DEVICE_FAMILY = "1,2";
			};
			name = Release;
		};
		5EA558082A0A6AE90023C2E7 /* Debug */ = {
			isa = XCBuildConfiguration;
			buildSettings = {
				CODE_SIGN_STYLE = Automatic;
				CURRENT_PROJECT_VERSION = 1;
				DEFINES_MODULE = YES;
				DEVELOPMENT_TEAM = 665R2CAQ6E;
				DYLIB_COMPATIBILITY_VERSION = 1;
				DYLIB_CURRENT_VERSION = 1;
				DYLIB_INSTALL_NAME_BASE = "@rpath";
				ENABLE_MODULE_VERIFIER = YES;
				GENERATE_INFOPLIST_FILE = YES;
				INFOPLIST_KEY_NSHumanReadableCopyright = "";
				INSTALL_PATH = "$(LOCAL_LIBRARY_DIR)/Frameworks";
				IPHONEOS_DEPLOYMENT_TARGET = 14.0;
				LD_RUNPATH_SEARCH_PATHS = (
					"$(inherited)",
					"@executable_path/Frameworks",
					"@loader_path/Frameworks",
				);
				MARKETING_VERSION = 1.0;
				MODULE_VERIFIER_SUPPORTED_LANGUAGES = "objective-c objective-c++";
				MODULE_VERIFIER_SUPPORTED_LANGUAGE_STANDARDS = "gnu11 gnu++20";
				PRODUCT_BUNDLE_IDENTIFIER = com.nerubianin.APILayer;
				PRODUCT_NAME = "$(TARGET_NAME:c99extidentifier)";
				SKIP_INSTALL = YES;
				SWIFT_EMIT_LOC_STRINGS = YES;
				SWIFT_VERSION = 5.0;
				TARGETED_DEVICE_FAMILY = "1,2";
				VERSIONING_SYSTEM = "apple-generic";
				VERSION_INFO_PREFIX = "";
			};
			name = Debug;
		};
		5EA558092A0A6AE90023C2E7 /* Release */ = {
			isa = XCBuildConfiguration;
			buildSettings = {
				CODE_SIGN_STYLE = Automatic;
				CURRENT_PROJECT_VERSION = 1;
				DEFINES_MODULE = YES;
				DEVELOPMENT_TEAM = 665R2CAQ6E;
				DYLIB_COMPATIBILITY_VERSION = 1;
				DYLIB_CURRENT_VERSION = 1;
				DYLIB_INSTALL_NAME_BASE = "@rpath";
				ENABLE_MODULE_VERIFIER = YES;
				GENERATE_INFOPLIST_FILE = YES;
				INFOPLIST_KEY_NSHumanReadableCopyright = "";
				INSTALL_PATH = "$(LOCAL_LIBRARY_DIR)/Frameworks";
				IPHONEOS_DEPLOYMENT_TARGET = 14.0;
				LD_RUNPATH_SEARCH_PATHS = (
					"$(inherited)",
					"@executable_path/Frameworks",
					"@loader_path/Frameworks",
				);
				MARKETING_VERSION = 1.0;
				MODULE_VERIFIER_SUPPORTED_LANGUAGES = "objective-c objective-c++";
				MODULE_VERIFIER_SUPPORTED_LANGUAGE_STANDARDS = "gnu11 gnu++20";
				PRODUCT_BUNDLE_IDENTIFIER = com.nerubianin.APILayer;
				PRODUCT_NAME = "$(TARGET_NAME:c99extidentifier)";
				SKIP_INSTALL = YES;
				SWIFT_EMIT_LOC_STRINGS = YES;
				SWIFT_VERSION = 5.0;
				TARGETED_DEVICE_FAMILY = "1,2";
				VERSIONING_SYSTEM = "apple-generic";
				VERSION_INFO_PREFIX = "";
			};
			name = Release;
		};
		5EA5580C2A0A6AE90023C2E7 /* Debug */ = {
			isa = XCBuildConfiguration;
			buildSettings = {
				ALWAYS_EMBED_SWIFT_STANDARD_LIBRARIES = YES;
				CODE_SIGN_STYLE = Automatic;
				CURRENT_PROJECT_VERSION = 1;
				DEVELOPMENT_TEAM = 665R2CAQ6E;
				GENERATE_INFOPLIST_FILE = YES;
				MARKETING_VERSION = 1.0;
				PRODUCT_BUNDLE_IDENTIFIER = com.nerubianin.APILayerTests;
				PRODUCT_NAME = "$(TARGET_NAME)";
				SWIFT_EMIT_LOC_STRINGS = NO;
				SWIFT_VERSION = 5.0;
				TARGETED_DEVICE_FAMILY = "1,2";
				TEST_HOST = "$(BUILT_PRODUCTS_DIR)/Floofs.app/$(BUNDLE_EXECUTABLE_FOLDER_PATH)/Floofs";
			};
			name = Debug;
		};
		5EA5580D2A0A6AE90023C2E7 /* Release */ = {
			isa = XCBuildConfiguration;
			buildSettings = {
				ALWAYS_EMBED_SWIFT_STANDARD_LIBRARIES = YES;
				CODE_SIGN_STYLE = Automatic;
				CURRENT_PROJECT_VERSION = 1;
				DEVELOPMENT_TEAM = 665R2CAQ6E;
				GENERATE_INFOPLIST_FILE = YES;
				MARKETING_VERSION = 1.0;
				PRODUCT_BUNDLE_IDENTIFIER = com.nerubianin.APILayerTests;
				PRODUCT_NAME = "$(TARGET_NAME)";
				SWIFT_EMIT_LOC_STRINGS = NO;
				SWIFT_VERSION = 5.0;
				TARGETED_DEVICE_FAMILY = "1,2";
				TEST_HOST = "$(BUILT_PRODUCTS_DIR)/Floofs.app/$(BUNDLE_EXECUTABLE_FOLDER_PATH)/Floofs";
			};
			name = Release;
		};
		5EA558472A0A70CF0023C2E7 /* Debug */ = {
			isa = XCBuildConfiguration;
			buildSettings = {
				CODE_SIGN_STYLE = Automatic;
				CURRENT_PROJECT_VERSION = 1;
				DEFINES_MODULE = YES;
				DEVELOPMENT_TEAM = 665R2CAQ6E;
				DYLIB_COMPATIBILITY_VERSION = 1;
				DYLIB_CURRENT_VERSION = 1;
				DYLIB_INSTALL_NAME_BASE = "@rpath";
				ENABLE_MODULE_VERIFIER = YES;
				GENERATE_INFOPLIST_FILE = YES;
				INFOPLIST_KEY_NSHumanReadableCopyright = "";
				INSTALL_PATH = "$(LOCAL_LIBRARY_DIR)/Frameworks";
				IPHONEOS_DEPLOYMENT_TARGET = 14.0;
				LD_RUNPATH_SEARCH_PATHS = (
					"$(inherited)",
					"@executable_path/Frameworks",
					"@loader_path/Frameworks",
				);
				MARKETING_VERSION = 1.0;
				MODULE_VERIFIER_SUPPORTED_LANGUAGES = "objective-c objective-c++";
				MODULE_VERIFIER_SUPPORTED_LANGUAGE_STANDARDS = "gnu11 gnu++20";
				PRODUCT_BUNDLE_IDENTIFIER = com.nerubianin.DogsAPI;
				PRODUCT_NAME = "$(TARGET_NAME:c99extidentifier)";
				SKIP_INSTALL = YES;
				SWIFT_EMIT_LOC_STRINGS = YES;
				SWIFT_VERSION = 5.0;
				TARGETED_DEVICE_FAMILY = "1,2";
				VERSIONING_SYSTEM = "apple-generic";
				VERSION_INFO_PREFIX = "";
			};
			name = Debug;
		};
		5EA558482A0A70CF0023C2E7 /* Release */ = {
			isa = XCBuildConfiguration;
			buildSettings = {
				CODE_SIGN_STYLE = Automatic;
				CURRENT_PROJECT_VERSION = 1;
				DEFINES_MODULE = YES;
				DEVELOPMENT_TEAM = 665R2CAQ6E;
				DYLIB_COMPATIBILITY_VERSION = 1;
				DYLIB_CURRENT_VERSION = 1;
				DYLIB_INSTALL_NAME_BASE = "@rpath";
				ENABLE_MODULE_VERIFIER = YES;
				GENERATE_INFOPLIST_FILE = YES;
				INFOPLIST_KEY_NSHumanReadableCopyright = "";
				INSTALL_PATH = "$(LOCAL_LIBRARY_DIR)/Frameworks";
				IPHONEOS_DEPLOYMENT_TARGET = 14.0;
				LD_RUNPATH_SEARCH_PATHS = (
					"$(inherited)",
					"@executable_path/Frameworks",
					"@loader_path/Frameworks",
				);
				MARKETING_VERSION = 1.0;
				MODULE_VERIFIER_SUPPORTED_LANGUAGES = "objective-c objective-c++";
				MODULE_VERIFIER_SUPPORTED_LANGUAGE_STANDARDS = "gnu11 gnu++20";
				PRODUCT_BUNDLE_IDENTIFIER = com.nerubianin.DogsAPI;
				PRODUCT_NAME = "$(TARGET_NAME:c99extidentifier)";
				SKIP_INSTALL = YES;
				SWIFT_EMIT_LOC_STRINGS = YES;
				SWIFT_VERSION = 5.0;
				TARGETED_DEVICE_FAMILY = "1,2";
				VERSIONING_SYSTEM = "apple-generic";
				VERSION_INFO_PREFIX = "";
			};
			name = Release;
		};
		5EA5584A2A0A70CF0023C2E7 /* Debug */ = {
			isa = XCBuildConfiguration;
			buildSettings = {
				ALWAYS_EMBED_SWIFT_STANDARD_LIBRARIES = YES;
				CODE_SIGN_STYLE = Automatic;
				CURRENT_PROJECT_VERSION = 1;
				DEVELOPMENT_TEAM = 665R2CAQ6E;
				GENERATE_INFOPLIST_FILE = YES;
				MARKETING_VERSION = 1.0;
				PRODUCT_BUNDLE_IDENTIFIER = com.nerubianin.DogsAPITests;
				PRODUCT_NAME = "$(TARGET_NAME)";
				SWIFT_EMIT_LOC_STRINGS = NO;
				SWIFT_VERSION = 5.0;
				TARGETED_DEVICE_FAMILY = "1,2";
				TEST_HOST = "$(BUILT_PRODUCTS_DIR)/Floofs.app/$(BUNDLE_EXECUTABLE_FOLDER_PATH)/Floofs";
			};
			name = Debug;
		};
		5EA5584B2A0A70CF0023C2E7 /* Release */ = {
			isa = XCBuildConfiguration;
			buildSettings = {
				ALWAYS_EMBED_SWIFT_STANDARD_LIBRARIES = YES;
				CODE_SIGN_STYLE = Automatic;
				CURRENT_PROJECT_VERSION = 1;
				DEVELOPMENT_TEAM = 665R2CAQ6E;
				GENERATE_INFOPLIST_FILE = YES;
				MARKETING_VERSION = 1.0;
				PRODUCT_BUNDLE_IDENTIFIER = com.nerubianin.DogsAPITests;
				PRODUCT_NAME = "$(TARGET_NAME)";
				SWIFT_EMIT_LOC_STRINGS = NO;
				SWIFT_VERSION = 5.0;
				TARGETED_DEVICE_FAMILY = "1,2";
				TEST_HOST = "$(BUILT_PRODUCTS_DIR)/Floofs.app/$(BUNDLE_EXECUTABLE_FOLDER_PATH)/Floofs";
			};
			name = Release;
		};
/* End XCBuildConfiguration section */

/* Begin XCConfigurationList section */
		5E68DE182A0BBA1B00582122 /* Build configuration list for PBXNativeTarget "CatsAPI" */ = {
			isa = XCConfigurationList;
			buildConfigurations = (
				5E68DE142A0BBA1B00582122 /* Debug */,
				5E68DE152A0BBA1B00582122 /* Release */,
			);
			defaultConfigurationIsVisible = 0;
			defaultConfigurationName = Release;
		};
		5E68DE192A0BBA1B00582122 /* Build configuration list for PBXNativeTarget "CatsAPITests" */ = {
			isa = XCConfigurationList;
			buildConfigurations = (
				5E68DE162A0BBA1B00582122 /* Debug */,
				5E68DE172A0BBA1B00582122 /* Release */,
			);
			defaultConfigurationIsVisible = 0;
			defaultConfigurationName = Release;
		};
		5EA557C72A0A5CB70023C2E7 /* Build configuration list for PBXProject "Floofs" */ = {
			isa = XCConfigurationList;
			buildConfigurations = (
				5EA557DE2A0A5CBA0023C2E7 /* Debug */,
				5EA557DF2A0A5CBA0023C2E7 /* Release */,
			);
			defaultConfigurationIsVisible = 0;
			defaultConfigurationName = Release;
		};
		5EA557E02A0A5CBA0023C2E7 /* Build configuration list for PBXNativeTarget "Floofs" */ = {
			isa = XCConfigurationList;
			buildConfigurations = (
				5EA557E12A0A5CBA0023C2E7 /* Debug */,
				5EA557E22A0A5CBA0023C2E7 /* Release */,
			);
			defaultConfigurationIsVisible = 0;
			defaultConfigurationName = Release;
		};
		5EA558072A0A6AE90023C2E7 /* Build configuration list for PBXNativeTarget "APILayer" */ = {
			isa = XCConfigurationList;
			buildConfigurations = (
				5EA558082A0A6AE90023C2E7 /* Debug */,
				5EA558092A0A6AE90023C2E7 /* Release */,
			);
			defaultConfigurationIsVisible = 0;
			defaultConfigurationName = Release;
		};
		5EA5580B2A0A6AE90023C2E7 /* Build configuration list for PBXNativeTarget "APILayerTests" */ = {
			isa = XCConfigurationList;
			buildConfigurations = (
				5EA5580C2A0A6AE90023C2E7 /* Debug */,
				5EA5580D2A0A6AE90023C2E7 /* Release */,
			);
			defaultConfigurationIsVisible = 0;
			defaultConfigurationName = Release;
		};
		5EA558462A0A70CF0023C2E7 /* Build configuration list for PBXNativeTarget "DogsAPI" */ = {
			isa = XCConfigurationList;
			buildConfigurations = (
				5EA558472A0A70CF0023C2E7 /* Debug */,
				5EA558482A0A70CF0023C2E7 /* Release */,
			);
			defaultConfigurationIsVisible = 0;
			defaultConfigurationName = Release;
		};
		5EA558492A0A70CF0023C2E7 /* Build configuration list for PBXNativeTarget "DogsAPITests" */ = {
			isa = XCConfigurationList;
			buildConfigurations = (
				5EA5584A2A0A70CF0023C2E7 /* Debug */,
				5EA5584B2A0A70CF0023C2E7 /* Release */,
			);
			defaultConfigurationIsVisible = 0;
			defaultConfigurationName = Release;
		};
/* End XCConfigurationList section */
	};
	rootObject = 5EA557C42A0A5CB70023C2E7 /* Project object */;
}
